<?xml version="1.0" encoding="utf-8"?>
<Project ToolsVersion="4.0" xmlns="http://schemas.microsoft.com/developer/msbuild/2003">
  <ItemGroup>
    <Filter Include="Source Files">
      <UniqueIdentifier>{4FC737F1-C7A5-4376-A066-2A32D752A2FF}</UniqueIdentifier>
      <Extensions>cpp;c;cc;cxx;c++;cppm;ixx;def;odl;idl;hpj;bat;asm;asmx</Extensions>
    </Filter>
    <Filter Include="Header Files">
      <UniqueIdentifier>{93995380-89BD-4b04-88EB-625FBE52EBFB}</UniqueIdentifier>
      <Extensions>h;hh;hpp;hxx;h++;hm;inl;inc;ipp;xsd</Extensions>
    </Filter>
    <Filter Include="Header Files\unicorn">
      <UniqueIdentifier>{afdbe1da-3328-49cb-8c78-9aedb2b5b4c7}</UniqueIdentifier>
    </Filter>
    <Filter Include="Header Files\unicorn\unicorn">
      <UniqueIdentifier>{a871bdc5-3faf-4d03-9f95-45d59e394562}</UniqueIdentifier>
    </Filter>
    <Filter Include="Header Files\vmprofiler">
      <UniqueIdentifier>{9fb4cc4f-eb2f-49e3-b680-56e43aa3c1e5}</UniqueIdentifier>
    </Filter>
    <Filter Include="Header Files\vmprofiler\Zydis">
      <UniqueIdentifier>{2a9e2ea7-67f2-408b-b125-f1dac9a81696}</UniqueIdentifier>
    </Filter>
    <Filter Include="Header Files\vmprofiler\Zydis\Internal">
      <UniqueIdentifier>{ea6cc84d-2152-46e5-81ea-195dfa58bf37}</UniqueIdentifier>
    </Filter>
    <Filter Include="Header Files\vmprofiler\Zydis\Generated">
      <UniqueIdentifier>{ab91c846-5e2a-4b0f-b119-28b56f5136e9}</UniqueIdentifier>
    </Filter>
    <Filter Include="Header Files\vmprofiler\Zycore">
      <UniqueIdentifier>{b2469cba-4a7f-4f5c-b60d-17cd07278695}</UniqueIdentifier>
    </Filter>
    <Filter Include="Header Files\vmprofiler\Zycore\API">
      <UniqueIdentifier>{c4e9ba60-a20a-4a30-9c6b-a188c298c957}</UniqueIdentifier>
    </Filter>
  </ItemGroup>
  <ItemGroup>
    <ClCompile Include="main.cpp">
      <Filter>Source Files</Filter>
    </ClCompile>
    <ClCompile Include="vmemu_t.cpp">
      <Filter>Source Files</Filter>
    </ClCompile>
  </ItemGroup>
  <ItemGroup>
    <ClInclude Include="..\dependencies\unicorn\include\list.h">
      <Filter>Header Files\unicorn</Filter>
    </ClInclude>
    <ClInclude Include="..\dependencies\unicorn\include\qemu.h">
      <Filter>Header Files\unicorn</Filter>
    </ClInclude>
    <ClInclude Include="..\dependencies\unicorn\include\uc_priv.h">
      <Filter>Header Files\unicorn</Filter>
    </ClInclude>
    <ClInclude Include="..\dependencies\unicorn\include\unicorn\arm.h">
      <Filter>Header Files\unicorn\unicorn</Filter>
    </ClInclude>
    <ClInclude Include="..\dependencies\unicorn\include\unicorn\arm64.h">
      <Filter>Header Files\unicorn\unicorn</Filter>
    </ClInclude>
    <ClInclude Include="..\dependencies\unicorn\include\unicorn\m68k.h">
      <Filter>Header Files\unicorn\unicorn</Filter>
    </ClInclude>
    <ClInclude Include="..\dependencies\unicorn\include\unicorn\mips.h">
      <Filter>Header Files\unicorn\unicorn</Filter>
    </ClInclude>
    <ClInclude Include="..\dependencies\unicorn\include\unicorn\platform.h">
      <Filter>Header Files\unicorn\unicorn</Filter>
    </ClInclude>
    <ClInclude Include="..\dependencies\unicorn\include\unicorn\sparc.h">
      <Filter>Header Files\unicorn\unicorn</Filter>
    </ClInclude>
    <ClInclude Include="..\dependencies\unicorn\include\unicorn\unicorn.h">
      <Filter>Header Files\unicorn\unicorn</Filter>
    </ClInclude>
    <ClInclude Include="..\dependencies\unicorn\include\unicorn\x86.h">
      <Filter>Header Files\unicorn\unicorn</Filter>
    </ClInclude>
    <ClInclude Include="..\dependencies\cli-parser\cli-parser.hpp">
      <Filter>Header Files</Filter>
    </ClInclude>
    <ClInclude Include="vmemu_t.hpp">
      <Filter>Header Files</Filter>
    </ClInclude>
    <ClInclude Include="..\dependencies\xtils\xtils\xtils.hpp">
      <Filter>Header Files</Filter>
    </ClInclude>
    <ClInclude Include="..\dependencies\vmprofiler\include\transform.hpp">
      <Filter>Header Files\vmprofiler</Filter>
    </ClInclude>
    <ClInclude Include="..\dependencies\vmprofiler\include\vm.h">
      <Filter>Header Files\vmprofiler</Filter>
    </ClInclude>
    <ClInclude Include="..\dependencies\vmprofiler\include\vmctx.h">
      <Filter>Header Files\vmprofiler</Filter>
    </ClInclude>
    <ClInclude Include="..\dependencies\vmprofiler\include\vmp2.hpp">
      <Filter>Header Files\vmprofiler</Filter>
    </ClInclude>
    <ClInclude Include="..\dependencies\vmprofiler\include\vmprofiler.hpp">
      <Filter>Header Files\vmprofiler</Filter>
    </ClInclude>
    <ClInclude Include="..\dependencies\vmprofiler\include\vmutils.h">
      <Filter>Header Files\vmprofiler</Filter>
    </ClInclude>
    <ClInclude Include="..\dependencies\vmprofiler\include\ZycoreExportConfig.h">
      <Filter>Header Files\vmprofiler</Filter>
    </ClInclude>
    <ClInclude Include="..\dependencies\vmprofiler\include\ZydisExportConfig.h">
      <Filter>Header Files\vmprofiler</Filter>
    </ClInclude>
    <ClInclude Include="..\dependencies\vmprofiler\include\Zydis\Decoder.h">
      <Filter>Header Files\vmprofiler\Zydis</Filter>
    </ClInclude>
    <ClInclude Include="..\dependencies\vmprofiler\include\Zydis\DecoderTypes.h">
      <Filter>Header Files\vmprofiler\Zydis</Filter>
    </ClInclude>
    <ClInclude Include="..\dependencies\vmprofiler\include\Zydis\Formatter.h">
      <Filter>Header Files\vmprofiler\Zydis</Filter>
    </ClInclude>
    <ClInclude Include="..\dependencies\vmprofiler\include\Zydis\FormatterBuffer.h">
      <Filter>Header Files\vmprofiler\Zydis</Filter>
    </ClInclude>
    <ClInclude Include="..\dependencies\vmprofiler\include\Zydis\MetaInfo.h">
      <Filter>Header Files\vmprofiler\Zydis</Filter>
    </ClInclude>
    <ClInclude Include="..\dependencies\vmprofiler\include\Zydis\Mnemonic.h">
      <Filter>Header Files\vmprofiler\Zydis</Filter>
    </ClInclude>
    <ClInclude Include="..\dependencies\vmprofiler\include\Zydis\Register.h">
      <Filter>Header Files\vmprofiler\Zydis</Filter>
    </ClInclude>
    <ClInclude Include="..\dependencies\vmprofiler\include\Zydis\SharedTypes.h">
      <Filter>Header Files\vmprofiler\Zydis</Filter>
    </ClInclude>
    <ClInclude Include="..\dependencies\vmprofiler\include\Zydis\ShortString.h">
      <Filter>Header Files\vmprofiler\Zydis</Filter>
    </ClInclude>
    <ClInclude Include="..\dependencies\vmprofiler\include\Zydis\Status.h">
      <Filter>Header Files\vmprofiler\Zydis</Filter>
    </ClInclude>
    <ClInclude Include="..\dependencies\vmprofiler\include\Zydis\Utils.h">
      <Filter>Header Files\vmprofiler\Zydis</Filter>
    </ClInclude>
    <ClInclude Include="..\dependencies\vmprofiler\include\Zydis\Zydis.h">
      <Filter>Header Files\vmprofiler\Zydis</Filter>
    </ClInclude>
    <ClInclude Include="..\dependencies\vmprofiler\include\Zydis\Internal\DecoderData.h">
      <Filter>Header Files\vmprofiler\Zydis\Internal</Filter>
    </ClInclude>
    <ClInclude Include="..\dependencies\vmprofiler\include\Zydis\Internal\FormatterATT.h">
      <Filter>Header Files\vmprofiler\Zydis\Internal</Filter>
    </ClInclude>
    <ClInclude Include="..\dependencies\vmprofiler\include\Zydis\Internal\FormatterBase.h">
      <Filter>Header Files\vmprofiler\Zydis\Internal</Filter>
    </ClInclude>
    <ClInclude Include="..\dependencies\vmprofiler\include\Zydis\Internal\FormatterIntel.h">
      <Filter>Header Files\vmprofiler\Zydis\Internal</Filter>
    </ClInclude>
    <ClInclude Include="..\dependencies\vmprofiler\include\Zydis\Internal\SharedData.h">
      <Filter>Header Files\vmprofiler\Zydis\Internal</Filter>
    </ClInclude>
    <ClInclude Include="..\dependencies\vmprofiler\include\Zydis\Internal\String.h">
      <Filter>Header Files\vmprofiler\Zydis\Internal</Filter>
    </ClInclude>
    <ClInclude Include="..\dependencies\vmprofiler\include\Zydis\Generated\EnumInstructionCategory.h">
      <Filter>Header Files\vmprofiler\Zydis\Generated</Filter>
    </ClInclude>
    <ClInclude Include="..\dependencies\vmprofiler\include\Zydis\Generated\EnumISAExt.h">
      <Filter>Header Files\vmprofiler\Zydis\Generated</Filter>
    </ClInclude>
    <ClInclude Include="..\dependencies\vmprofiler\include\Zydis\Generated\EnumISASet.h">
      <Filter>Header Files\vmprofiler\Zydis\Generated</Filter>
    </ClInclude>
    <ClInclude Include="..\dependencies\vmprofiler\include\Zydis\Generated\EnumMnemonic.h">
      <Filter>Header Files\vmprofiler\Zydis\Generated</Filter>
    </ClInclude>
    <ClInclude Include="..\dependencies\vmprofiler\include\Zydis\Generated\EnumRegister.h">
      <Filter>Header Files\vmprofiler\Zydis\Generated</Filter>
    </ClInclude>
    <ClInclude Include="..\dependencies\vmprofiler\include\Zycore\Allocator.h">
      <Filter>Header Files\vmprofiler\Zycore</Filter>
    </ClInclude>
    <ClInclude Include="..\dependencies\vmprofiler\include\Zycore\ArgParse.h">
      <Filter>Header Files\vmprofiler\Zycore</Filter>
    </ClInclude>
    <ClInclude Include="..\dependencies\vmprofiler\include\Zycore\Bitset.h">
      <Filter>Header Files\vmprofiler\Zycore</Filter>
    </ClInclude>
    <ClInclude Include="..\dependencies\vmprofiler\include\Zycore\Comparison.h">
      <Filter>Header Files\vmprofiler\Zycore</Filter>
    </ClInclude>
    <ClInclude Include="..\dependencies\vmprofiler\include\Zycore\Defines.h">
      <Filter>Header Files\vmprofiler\Zycore</Filter>
    </ClInclude>
    <ClInclude Include="..\dependencies\vmprofiler\include\Zycore\Format.h">
      <Filter>Header Files\vmprofiler\Zycore</Filter>
    </ClInclude>
    <ClInclude Include="..\dependencies\vmprofiler\include\Zycore\LibC.h">
      <Filter>Header Files\vmprofiler\Zycore</Filter>
    </ClInclude>
    <ClInclude Include="..\dependencies\vmprofiler\include\Zycore\List.h">
      <Filter>Header Files\vmprofiler\Zycore</Filter>
    </ClInclude>
    <ClInclude Include="..\dependencies\vmprofiler\include\Zycore\Object.h">
      <Filter>Header Files\vmprofiler\Zycore</Filter>
    </ClInclude>
    <ClInclude Include="..\dependencies\vmprofiler\include\Zycore\Status.h">
      <Filter>Header Files\vmprofiler\Zycore</Filter>
    </ClInclude>
    <ClInclude Include="..\dependencies\vmprofiler\include\Zycore\String.h">
      <Filter>Header Files\vmprofiler\Zycore</Filter>
    </ClInclude>
    <ClInclude Include="..\dependencies\vmprofiler\include\Zycore\Types.h">
      <Filter>Header Files\vmprofiler\Zycore</Filter>
    </ClInclude>
    <ClInclude Include="..\dependencies\vmprofiler\include\Zycore\Vector.h">
      <Filter>Header Files\vmprofiler\Zycore</Filter>
    </ClInclude>
    <ClInclude Include="..\dependencies\vmprofiler\include\Zycore\Zycore.h">
      <Filter>Header Files\vmprofiler\Zycore</Filter>
    </ClInclude>
    <ClInclude Include="..\dependencies\vmprofiler\include\Zycore\API\Memory.h">
      <Filter>Header Files\vmprofiler\Zycore\API</Filter>
    </ClInclude>
    <ClInclude Include="..\dependencies\vmprofiler\include\Zycore\API\Process.h">
      <Filter>Header Files\vmprofiler\Zycore\API</Filter>
    </ClInclude>
    <ClInclude Include="..\dependencies\vmprofiler\include\Zycore\API\Synchronization.h">
      <Filter>Header Files\vmprofiler\Zycore\API</Filter>
    </ClInclude>
    <ClInclude Include="..\dependencies\vmprofiler\include\Zycore\API\Terminal.h">
      <Filter>Header Files\vmprofiler\Zycore\API</Filter>
    </ClInclude>
    <ClInclude Include="..\dependencies\vmprofiler\include\Zycore\API\Thread.h">
      <Filter>Header Files\vmprofiler\Zycore\API</Filter>
    </ClInclude>
  </ItemGroup>
</Project>