Microsoft Visual Studio Solution File, Format Version 12.00
# Visual Studio Version 16
VisualStudioVersion = 16.0.30907.101
MinimumVisualStudioVersion = 10.0.40219.1
Project("{8BC9CEB8-8B4A-11D0-8D11-00A0C91BC942}") = "vmemu", "vmemu\vmemu.vcxproj", "{B94A9F63-113F-4F80-A962-2E949A0D4826}"
EndProject
Project("{8BC9CEB8-8B4A-11D0-8D11-00A0C91BC942}") = "vmprofiler", "dependencies\vmprofiler\src\vmprofiler.vcxproj", "{D0B6092A-9944-4F24-9486-4B7DAE372619}"
EndProject
Project("{8BC9CEB8-8B4A-11D0-8D11-00A0C91BC942}") = "Zydis", "dependencies\vmprofiler\dependencies\zydis\msvc\zydis\Zydis.vcxproj", "{88A23124-5640-35A0-B890-311D7A67A7D2}"
EndProject
Project("{8BC9CEB8-8B4A-11D0-8D11-00A0C91BC942}") = "Zycore", "dependencies\vmprofiler\dependencies\zydis\msvc\dependencies\zycore\Zycore.vcxproj", "{E06E2E87-82B9-4DC2-A1E9-FE371CDBAAC2}"
EndProject
Project("{8BC9CEB8-8B4A-11D0-8D11-00A0C91BC942}") = "aarch64-softmmu", "dependencies\unicorn\msvc\unicorn\aarch64-softmmu\aarch64-softmmu.vcxproj", "{2A7F483F-CD19-4F84-BBDA-B6A1865E2773}"
EndProject
Project("{8BC9CEB8-8B4A-11D0-8D11-00A0C91BC942}") = "aarch64eb-softmmu", "dependencies\unicorn\msvc\unicorn\aarch64eb-softmmu\aarch64eb-softmmu.vcxproj", "{340D86A5-E53C-490B-880A-8EB1F5BDE947}"
EndProject
Project("{8BC9CEB8-8B4A-11D0-8D11-00A0C91BC942}") = "arm-softmmu", "dependencies\unicorn\msvc\unicorn\arm-softmmu\arm-softmmu.vcxproj", "{F67EB1EA-DCFA-4758-A2AA-4B570BA78036}"
EndProject
Project("{8BC9CEB8-8B4A-11D0-8D11-00A0C91BC942}") = "armeb-softmmu", "dependencies\unicorn\msvc\unicorn\armeb-softmmu\armeb-softmmu.vcxproj", "{740F3007-7BF0-4C0C-8FA5-2587C794EF31}"
EndProject
Project("{8BC9CEB8-8B4A-11D0-8D11-00A0C91BC942}") = "m68k-softmmu", "dependencies\unicorn\msvc\unicorn\m68k-softmmu\m68k-softmmu.vcxproj", "{2C5AD347-6E34-463B-8289-00578E43B255}"
EndProject
Project("{8BC9CEB8-8B4A-11D0-8D11-00A0C91BC942}") = "mips-softmmu", "dependencies\unicorn\msvc\unicorn\mips-softmmu\mips-softmmu.vcxproj", "{63050112-E486-4396-B5E4-303C3BC12D39}"
EndProject
Project("{8BC9CEB8-8B4A-11D0-8D11-00A0C91BC942}") = "mips64-softmmu", "dependencies\unicorn\msvc\unicorn\mips64-softmmu\mips64-softmmu.vcxproj", "{4A9F9353-DB63-460A-BB1C-9CB519DFD414}"
EndProject
Project("{8BC9CEB8-8B4A-11D0-8D11-00A0C91BC942}") = "mipsel-softmmu", "dependencies\unicorn\msvc\unicorn\mipsel-softmmu\mipsel-softmmu.vcxproj", "{006A7908-ABF3-4D18-BC35-0A29E39B95F9}"
EndProject
Project("{8BC9CEB8-8B4A-11D0-8D11-00A0C91BC942}") = "mips64el-softmmu", "dependencies\unicorn\msvc\unicorn\mips64el-softmmu\mips64el-softmmu.vcxproj", "{4478909E-6983-425C-9D9F-558CF258E61E}"
EndProject
Project("{8BC9CEB8-8B4A-11D0-8D11-00A0C91BC942}") = "sparc-softmmu", "dependencies\unicorn\msvc\unicorn\sparc-softmmu\sparc-softmmu.vcxproj", "{698C2D54-475C-446F-B879-F629BBEF75FE}"
EndProject
Project("{8BC9CEB8-8B4A-11D0-8D11-00A0C91BC942}") = "sparc64-softmmu", "dependencies\unicorn\msvc\unicorn\sparc64-softmmu\sparc64-softmmu.vcxproj", "{8804AD29-E398-480C-AC0F-98EC1B7A51CB}"
EndProject
Project("{8BC9CEB8-8B4A-11D0-8D11-00A0C91BC942}") = "x86_64-softmmu", "dependencies\unicorn\msvc\unicorn\x86_64-softmmu\x86_64-softmmu.vcxproj", "{17077E86-AE7C-41AF-86ED-2BAC03B019BC}"
EndProject
Project("{8BC9CEB8-8B4A-11D0-8D11-00A0C91BC942}") = "unicorn_static", "dependencies\unicorn\msvc\unicorn\unicorn_static\unicorn_static.vcxproj", "{B6EFD6D7-C2D4-4FBB-B363-2E08CE09CC96}"
EndProject
Global
	GlobalSection(SolutionConfigurationPlatforms) = preSolution
		Debug Kernel|x64 = Debug Kernel|x64
		Debug Kernel|X86 = Debug Kernel|X86
		Debug MD DLL|x64 = Debug MD DLL|x64
		Debug MD DLL|X86 = Debug MD DLL|X86
		Debug MD|x64 = Debug MD|x64
		Debug MD|X86 = Debug MD|X86
		Debug MT DLL|x64 = Debug MT DLL|x64
		Debug MT DLL|X86 = Debug MT DLL|X86
		Debug MT|x64 = Debug MT|x64
		Debug MT|X86 = Debug MT|X86
		Debug|x64 = Debug|x64
		Debug|X86 = Debug|X86
		Release Kernel|x64 = Release Kernel|x64
		Release Kernel|X86 = Release Kernel|X86
		Release MD DLL|x64 = Release MD DLL|x64
		Release MD DLL|X86 = Release MD DLL|X86
		Release MD|x64 = Release MD|x64
		Release MD|X86 = Release MD|X86
		Release MT DLL|x64 = Release MT DLL|x64
		Release MT DLL|X86 = Release MT DLL|X86
		Release MT|x64 = Release MT|x64
		Release MT|X86 = Release MT|X86
		Release|x64 = Release|x64
		Release|X86 = Release|X86
	EndGlobalSection
	GlobalSection(ProjectConfigurationPlatforms) = postSolution
		{B94A9F63-113F-4F80-A962-2E949A0D4826}.Debug Kernel|x64.ActiveCfg = Release|x64
		{B94A9F63-113F-4F80-A962-2E949A0D4826}.Debug Kernel|x64.Build.0 = Release|x64
		{B94A9F63-113F-4F80-A962-2E949A0D4826}.Debug Kernel|X86.ActiveCfg = Release|x64
		{B94A9F63-113F-4F80-A962-2E949A0D4826}.Debug Kernel|X86.Build.0 = Release|x64
		{B94A9F63-113F-4F80-A962-2E949A0D4826}.Debug MD DLL|x64.ActiveCfg = Release|x64
		{B94A9F63-113F-4F80-A962-2E949A0D4826}.Debug MD DLL|x64.Build.0 = Release|x64
		{B94A9F63-113F-4F80-A962-2E949A0D4826}.Debug MD DLL|X86.ActiveCfg = Release|x64
		{B94A9F63-113F-4F80-A962-2E949A0D4826}.Debug MD DLL|X86.Build.0 = Release|x64
		{B94A9F63-113F-4F80-A962-2E949A0D4826}.Debug MD|x64.ActiveCfg = Release|x64
		{B94A9F63-113F-4F80-A962-2E949A0D4826}.Debug MD|x64.Build.0 = Release|x64
		{B94A9F63-113F-4F80-A962-2E949A0D4826}.Debug MD|X86.ActiveCfg = Release|x64
		{B94A9F63-113F-4F80-A962-2E949A0D4826}.Debug MD|X86.Build.0 = Release|x64
		{B94A9F63-113F-4F80-A962-2E949A0D4826}.Debug MT DLL|x64.ActiveCfg = Release|x64
		{B94A9F63-113F-4F80-A962-2E949A0D4826}.Debug MT DLL|x64.Build.0 = Release|x64
		{B94A9F63-113F-4F80-A962-2E949A0D4826}.Debug MT DLL|X86.ActiveCfg = Release|x64
		{B94A9F63-113F-4F80-A962-2E949A0D4826}.Debug MT DLL|X86.Build.0 = Release|x64
		{B94A9F63-113F-4F80-A962-2E949A0D4826}.Debug MT|x64.ActiveCfg = Release|x64
		{B94A9F63-113F-4F80-A962-2E949A0D4826}.Debug MT|x64.Build.0 = Release|x64
		{B94A9F63-113F-4F80-A962-2E949A0D4826}.Debug MT|X86.ActiveCfg = Release|x64
		{B94A9F63-113F-4F80-A962-2E949A0D4826}.Debug MT|X86.Build.0 = Release|x64
		{B94A9F63-113F-4F80-A962-2E949A0D4826}.Debug|x64.ActiveCfg = Release|x64
		{B94A9F63-113F-4F80-A962-2E949A0D4826}.Debug|x64.Build.0 = Release|x64
		{B94A9F63-113F-4F80-A962-2E949A0D4826}.Debug|X86.ActiveCfg = Release|x64
		{B94A9F63-113F-4F80-A962-2E949A0D4826}.Debug|X86.Build.0 = Release|x64
		{B94A9F63-113F-4F80-A962-2E949A0D4826}.Release Kernel|x64.ActiveCfg = Release|x64
		{B94A9F63-113F-4F80-A962-2E949A0D4826}.Release Kernel|x64.Build.0 = Release|x64
		{B94A9F63-113F-4F80-A962-2E949A0D4826}.Release Kernel|X86.ActiveCfg = Release|x64
		{B94A9F63-113F-4F80-A962-2E949A0D4826}.Release Kernel|X86.Build.0 = Release|x64
		{B94A9F63-113F-4F80-A962-2E949A0D4826}.Release MD DLL|x64.ActiveCfg = Release|x64
		{B94A9F63-113F-4F80-A962-2E949A0D4826}.Release MD DLL|x64.Build.0 = Release|x64
		{B94A9F63-113F-4F80-A962-2E949A0D4826}.Release MD DLL|X86.ActiveCfg = Release|x64
		{B94A9F63-113F-4F80-A962-2E949A0D4826}.Release MD DLL|X86.Build.0 = Release|x64
		{B94A9F63-113F-4F80-A962-2E949A0D4826}.Release MD|x64.ActiveCfg = Release|x64
		{B94A9F63-113F-4F80-A962-2E949A0D4826}.Release MD|x64.Build.0 = Release|x64
		{B94A9F63-113F-4F80-A962-2E949A0D4826}.Release MD|X86.ActiveCfg = Release|x64
		{B94A9F63-113F-4F80-A962-2E949A0D4826}.Release MD|X86.Build.0 = Release|x64
		{B94A9F63-113F-4F80-A962-2E949A0D4826}.Release MT DLL|x64.ActiveCfg = Release|x64
		{B94A9F63-113F-4F80-A962-2E949A0D4826}.Release MT DLL|x64.Build.0 = Release|x64
		{B94A9F63-113F-4F80-A962-2E949A0D4826}.Release MT DLL|X86.ActiveCfg = Release|x64
		{B94A9F63-113F-4F80-A962-2E949A0D4826}.Release MT DLL|X86.Build.0 = Release|x64
		{B94A9F63-113F-4F80-A962-2E949A0D4826}.Release MT|x64.ActiveCfg = Release|x64
		{B94A9F63-113F-4F80-A962-2E949A0D4826}.Release MT|x64.Build.0 = Release|x64
		{B94A9F63-113F-4F80-A962-2E949A0D4826}.Release MT|X86.ActiveCfg = Release|x64
		{B94A9F63-113F-4F80-A962-2E949A0D4826}.Release MT|X86.Build.0 = Release|x64
		{B94A9F63-113F-4F80-A962-2E949A0D4826}.Release|x64.ActiveCfg = Release|x64
		{B94A9F63-113F-4F80-A962-2E949A0D4826}.Release|x64.Build.0 = Release|x64
		{B94A9F63-113F-4F80-A962-2E949A0D4826}.Release|X86.ActiveCfg = Release|x64
		{D0B6092A-9944-4F24-9486-4B7DAE372619}.Debug Kernel|x64.ActiveCfg = Release|x64
		{D0B6092A-9944-4F24-9486-4B7DAE372619}.Debug Kernel|x64.Build.0 = Release|x64
		{D0B6092A-9944-4F24-9486-4B7DAE372619}.Debug Kernel|X86.ActiveCfg = Release|x64
		{D0B6092A-9944-4F24-9486-4B7DAE372619}.Debug Kernel|X86.Build.0 = Release|x64
		{D0B6092A-9944-4F24-9486-4B7DAE372619}.Debug MD DLL|x64.ActiveCfg = Release|x64
		{D0B6092A-9944-4F24-9486-4B7DAE372619}.Debug MD DLL|x64.Build.0 = Release|x64
		{D0B6092A-9944-4F24-9486-4B7DAE372619}.Debug MD DLL|X86.ActiveCfg = Release|x64
		{D0B6092A-9944-4F24-9486-4B7DAE372619}.Debug MD DLL|X86.Build.0 = Release|x64
		{D0B6092A-9944-4F24-9486-4B7DAE372619}.Debug MD|x64.ActiveCfg = Release|x64
		{D0B6092A-9944-4F24-9486-4B7DAE372619}.Debug MD|x64.Build.0 = Release|x64
		{D0B6092A-9944-4F24-9486-4B7DAE372619}.Debug MD|X86.ActiveCfg = Release|x64
		{D0B6092A-9944-4F24-9486-4B7DAE372619}.Debug MD|X86.Build.0 = Release|x64
		{D0B6092A-9944-4F24-9486-4B7DAE372619}.Debug MT DLL|x64.ActiveCfg = Release|x64
		{D0B6092A-9944-4F24-9486-4B7DAE372619}.Debug MT DLL|x64.Build.0 = Release|x64
		{D0B6092A-9944-4F24-9486-4B7DAE372619}.Debug MT DLL|X86.ActiveCfg = Release|x64
		{D0B6092A-9944-4F24-9486-4B7DAE372619}.Debug MT DLL|X86.Build.0 = Release|x64
		{D0B6092A-9944-4F24-9486-4B7DAE372619}.Debug MT|x64.ActiveCfg = Release|x64
		{D0B6092A-9944-4F24-9486-4B7DAE372619}.Debug MT|x64.Build.0 = Release|x64
		{D0B6092A-9944-4F24-9486-4B7DAE372619}.Debug MT|X86.ActiveCfg = Release|x64
		{D0B6092A-9944-4F24-9486-4B7DAE372619}.Debug MT|X86.Build.0 = Release|x64
		{D0B6092A-9944-4F24-9486-4B7DAE372619}.Debug|x64.ActiveCfg = Release|x64
		{D0B6092A-9944-4F24-9486-4B7DAE372619}.Debug|x64.Build.0 = Release|x64
		{D0B6092A-9944-4F24-9486-4B7DAE372619}.Debug|X86.ActiveCfg = Release|x64
		{D0B6092A-9944-4F24-9486-4B7DAE372619}.Debug|X86.Build.0 = Release|x64
		{D0B6092A-9944-4F24-9486-4B7DAE372619}.Release Kernel|x64.ActiveCfg = Release|x64
		{D0B6092A-9944-4F24-9486-4B7DAE372619}.Release Kernel|x64.Build.0 = Release|x64
		{D0B6092A-9944-4F24-9486-4B7DAE372619}.Release Kernel|X86.ActiveCfg = Release|x64
		{D0B6092A-9944-4F24-9486-4B7DAE372619}.Release Kernel|X86.Build.0 = Release|x64
		{D0B6092A-9944-4F24-9486-4B7DAE372619}.Release MD DLL|x64.ActiveCfg = Release|x64
		{D0B6092A-9944-4F24-9486-4B7DAE372619}.Release MD DLL|x64.Build.0 = Release|x64
		{D0B6092A-9944-4F24-9486-4B7DAE372619}.Release MD DLL|X86.ActiveCfg = Release|x64
		{D0B6092A-9944-4F24-9486-4B7DAE372619}.Release MD DLL|X86.Build.0 = Release|x64
		{D0B6092A-9944-4F24-9486-4B7DAE372619}.Release MD|x64.ActiveCfg = Release|x64
		{D0B6092A-9944-4F24-9486-4B7DAE372619}.Release MD|x64.Build.0 = Release|x64
		{D0B6092A-9944-4F24-9486-4B7DAE372619}.Release MD|X86.ActiveCfg = Release|x64
		{D0B6092A-9944-4F24-9486-4B7DAE372619}.Release MD|X86.Build.0 = Release|x64
		{D0B6092A-9944-4F24-9486-4B7DAE372619}.Release MT DLL|x64.ActiveCfg = Release|x64
		{D0B6092A-9944-4F24-9486-4B7DAE372619}.Release MT DLL|x64.Build.0 = Release|x64
		{D0B6092A-9944-4F24-9486-4B7DAE372619}.Release MT DLL|X86.ActiveCfg = Release|x64
		{D0B6092A-9944-4F24-9486-4B7DAE372619}.Release MT DLL|X86.Build.0 = Release|x64
		{D0B6092A-9944-4F24-9486-4B7DAE372619}.Release MT|x64.ActiveCfg = Release|x64
		{D0B6092A-9944-4F24-9486-4B7DAE372619}.Release MT|x64.Build.0 = Release|x64
		{D0B6092A-9944-4F24-9486-4B7DAE372619}.Release MT|X86.ActiveCfg = Release|x64
		{D0B6092A-9944-4F24-9486-4B7DAE372619}.Release MT|X86.Build.0 = Release|x64
		{D0B6092A-9944-4F24-9486-4B7DAE372619}.Release|x64.ActiveCfg = Release|x64
		{D0B6092A-9944-4F24-9486-4B7DAE372619}.Release|x64.Build.0 = Release|x64
		{D0B6092A-9944-4F24-9486-4B7DAE372619}.Release|X86.ActiveCfg = Release|x64
		{88A23124-5640-35A0-B890-311D7A67A7D2}.Debug Kernel|x64.ActiveCfg = Debug Kernel|x64
		{88A23124-5640-35A0-B890-311D7A67A7D2}.Debug Kernel|x64.Build.0 = Debug Kernel|x64
		{88A23124-5640-35A0-B890-311D7A67A7D2}.Debug Kernel|x64.Deploy.0 = Debug Kernel|x64
		{88A23124-5640-35A0-B890-311D7A67A7D2}.Debug Kernel|X86.ActiveCfg = Debug Kernel|Win32
		{88A23124-5640-35A0-B890-311D7A67A7D2}.Debug Kernel|X86.Build.0 = Debug Kernel|Win32
		{88A23124-5640-35A0-B890-311D7A67A7D2}.Debug MD DLL|x64.ActiveCfg = Debug MD DLL|x64
		{88A23124-5640-35A0-B890-311D7A67A7D2}.Debug MD DLL|x64.Build.0 = Debug MD DLL|x64
		{88A23124-5640-35A0-B890-311D7A67A7D2}.Debug MD DLL|X86.ActiveCfg = Debug MD DLL|Win32
		{88A23124-5640-35A0-B890-311D7A67A7D2}.Debug MD DLL|X86.Build.0 = Debug MD DLL|Win32
		{88A23124-5640-35A0-B890-311D7A67A7D2}.Debug MD|x64.ActiveCfg = Debug MD|x64
		{88A23124-5640-35A0-B890-311D7A67A7D2}.Debug MD|x64.Build.0 = Debug MD|x64
		{88A23124-5640-35A0-B890-311D7A67A7D2}.Debug MD|X86.ActiveCfg = Debug MD|Win32
		{88A23124-5640-35A0-B890-311D7A67A7D2}.Debug MD|X86.Build.0 = Debug MD|Win32
		{88A23124-5640-35A0-B890-311D7A67A7D2}.Debug MT DLL|x64.ActiveCfg = Debug MT DLL|x64
		{88A23124-5640-35A0-B890-311D7A67A7D2}.Debug MT DLL|x64.Build.0 = Debug MT DLL|x64
		{88A23124-5640-35A0-B890-311D7A67A7D2}.Debug MT DLL|X86.ActiveCfg = Debug MT DLL|Win32
		{88A23124-5640-35A0-B890-311D7A67A7D2}.Debug MT DLL|X86.Build.0 = Debug MT DLL|Win32
		{88A23124-5640-35A0-B890-311D7A67A7D2}.Debug MT|x64.ActiveCfg = Debug MT|x64
		{88A23124-5640-35A0-B890-311D7A67A7D2}.Debug MT|x64.Build.0 = Debug MT|x64
		{88A23124-5640-35A0-B890-311D7A67A7D2}.Debug MT|X86.ActiveCfg = Debug MT|Win32
		{88A23124-5640-35A0-B890-311D7A67A7D2}.Debug MT|X86.Build.0 = Debug MT|Win32
		{88A23124-5640-35A0-B890-311D7A67A7D2}.Debug|x64.ActiveCfg = Debug MD|x64
		{88A23124-5640-35A0-B890-311D7A67A7D2}.Debug|x64.Build.0 = Debug MD|x64
		{88A23124-5640-35A0-B890-311D7A67A7D2}.Debug|X86.ActiveCfg = Debug MT|Win32
		{88A23124-5640-35A0-B890-311D7A67A7D2}.Debug|X86.Build.0 = Debug MT|Win32
		{88A23124-5640-35A0-B890-311D7A67A7D2}.Release Kernel|x64.ActiveCfg = Release Kernel|x64
		{88A23124-5640-35A0-B890-311D7A67A7D2}.Release Kernel|x64.Build.0 = Release Kernel|x64
		{88A23124-5640-35A0-B890-311D7A67A7D2}.Release Kernel|x64.Deploy.0 = Release Kernel|x64
		{88A23124-5640-35A0-B890-311D7A67A7D2}.Release Kernel|X86.ActiveCfg = Release Kernel|Win32
		{88A23124-5640-35A0-B890-311D7A67A7D2}.Release Kernel|X86.Build.0 = Release Kernel|Win32
		{88A23124-5640-35A0-B890-311D7A67A7D2}.Release MD DLL|x64.ActiveCfg = Release MD DLL|x64
		{88A23124-5640-35A0-B890-311D7A67A7D2}.Release MD DLL|x64.Build.0 = Release MD DLL|x64
		{88A23124-5640-35A0-B890-311D7A67A7D2}.Release MD DLL|X86.ActiveCfg = Release MD DLL|Win32
		{88A23124-5640-35A0-B890-311D7A67A7D2}.Release MD DLL|X86.Build.0 = Release MD DLL|Win32
		{88A23124-5640-35A0-B890-311D7A67A7D2}.Release MD|x64.ActiveCfg = Release MD|x64
		{88A23124-5640-35A0-B890-311D7A67A7D2}.Release MD|x64.Build.0 = Release MD|x64
		{88A23124-5640-35A0-B890-311D7A67A7D2}.Release MD|X86.ActiveCfg = Release MD|Win32
		{88A23124-5640-35A0-B890-311D7A67A7D2}.Release MD|X86.Build.0 = Release MD|Win32
		{88A23124-5640-35A0-B890-311D7A67A7D2}.Release MT DLL|x64.ActiveCfg = Release MT DLL|x64
		{88A23124-5640-35A0-B890-311D7A67A7D2}.Release MT DLL|x64.Build.0 = Release MT DLL|x64
		{88A23124-5640-35A0-B890-311D7A67A7D2}.Release MT DLL|X86.ActiveCfg = Release MT DLL|Win32
		{88A23124-5640-35A0-B890-311D7A67A7D2}.Release MT DLL|X86.Build.0 = Release MT DLL|Win32
		{88A23124-5640-35A0-B890-311D7A67A7D2}.Release MT|x64.ActiveCfg = Release MT|x64
		{88A23124-5640-35A0-B890-311D7A67A7D2}.Release MT|x64.Build.0 = Release MT|x64
		{88A23124-5640-35A0-B890-311D7A67A7D2}.Release MT|X86.ActiveCfg = Release MT|Win32
		{88A23124-5640-35A0-B890-311D7A67A7D2}.Release MT|X86.Build.0 = Release MT|Win32
		{88A23124-5640-35A0-B890-311D7A67A7D2}.Release|x64.ActiveCfg = Release MD DLL|x64
		{88A23124-5640-35A0-B890-311D7A67A7D2}.Release|x64.Build.0 = Release MD DLL|x64
		{88A23124-5640-35A0-B890-311D7A67A7D2}.Release|X86.ActiveCfg = Release MT|Win32
		{88A23124-5640-35A0-B890-311D7A67A7D2}.Release|X86.Build.0 = Release MT|Win32
		{E06E2E87-82B9-4DC2-A1E9-FE371CDBAAC2}.Debug Kernel|x64.ActiveCfg = Debug Kernel|x64
		{E06E2E87-82B9-4DC2-A1E9-FE371CDBAAC2}.Debug Kernel|x64.Build.0 = Debug Kernel|x64
		{E06E2E87-82B9-4DC2-A1E9-FE371CDBAAC2}.Debug Kernel|x64.Deploy.0 = Debug Kernel|x64
		{E06E2E87-82B9-4DC2-A1E9-FE371CDBAAC2}.Debug Kernel|X86.ActiveCfg = Debug Kernel|Win32
		{E06E2E87-82B9-4DC2-A1E9-FE371CDBAAC2}.Debug MD DLL|x64.ActiveCfg = Debug MD DLL|x64
		{E06E2E87-82B9-4DC2-A1E9-FE371CDBAAC2}.Debug MD DLL|x64.Build.0 = Debug MD DLL|x64
		{E06E2E87-82B9-4DC2-A1E9-FE371CDBAAC2}.Debug MD DLL|X86.ActiveCfg = Debug MD DLL|Win32
		{E06E2E87-82B9-4DC2-A1E9-FE371CDBAAC2}.Debug MD DLL|X86.Build.0 = Debug MD DLL|Win32
		{E06E2E87-82B9-4DC2-A1E9-FE371CDBAAC2}.Debug MD|x64.ActiveCfg = Debug MD|x64
		{E06E2E87-82B9-4DC2-A1E9-FE371CDBAAC2}.Debug MD|x64.Build.0 = Debug MD|x64
		{E06E2E87-82B9-4DC2-A1E9-FE371CDBAAC2}.Debug MD|X86.ActiveCfg = Debug MD|Win32
		{E06E2E87-82B9-4DC2-A1E9-FE371CDBAAC2}.Debug MD|X86.Build.0 = Debug MD|Win32
		{E06E2E87-82B9-4DC2-A1E9-FE371CDBAAC2}.Debug MT DLL|x64.ActiveCfg = Debug MT DLL|x64
		{E06E2E87-82B9-4DC2-A1E9-FE371CDBAAC2}.Debug MT DLL|x64.Build.0 = Debug MT DLL|x64
		{E06E2E87-82B9-4DC2-A1E9-FE371CDBAAC2}.Debug MT DLL|X86.ActiveCfg = Debug MT DLL|Win32
		{E06E2E87-82B9-4DC2-A1E9-FE371CDBAAC2}.Debug MT DLL|X86.Build.0 = Debug MT DLL|Win32
		{E06E2E87-82B9-4DC2-A1E9-FE371CDBAAC2}.Debug MT|x64.ActiveCfg = Debug MT|x64
		{E06E2E87-82B9-4DC2-A1E9-FE371CDBAAC2}.Debug MT|x64.Build.0 = Debug MT|x64
		{E06E2E87-82B9-4DC2-A1E9-FE371CDBAAC2}.Debug MT|X86.ActiveCfg = Debug MT|Win32
		{E06E2E87-82B9-4DC2-A1E9-FE371CDBAAC2}.Debug MT|X86.Build.0 = Debug MT|Win32
		{E06E2E87-82B9-4DC2-A1E9-FE371CDBAAC2}.Debug|x64.ActiveCfg = Debug MD|x64
		{E06E2E87-82B9-4DC2-A1E9-FE371CDBAAC2}.Debug|x64.Build.0 = Debug MD|x64
		{E06E2E87-82B9-4DC2-A1E9-FE371CDBAAC2}.Debug|X86.ActiveCfg = Debug MT|Win32
		{E06E2E87-82B9-4DC2-A1E9-FE371CDBAAC2}.Debug|X86.Build.0 = Debug MT|Win32
		{E06E2E87-82B9-4DC2-A1E9-FE371CDBAAC2}.Release Kernel|x64.ActiveCfg = Release Kernel|x64
		{E06E2E87-82B9-4DC2-A1E9-FE371CDBAAC2}.Release Kernel|x64.Build.0 = Release Kernel|x64
		{E06E2E87-82B9-4DC2-A1E9-FE371CDBAAC2}.Release Kernel|x64.Deploy.0 = Release Kernel|x64
		{E06E2E87-82B9-4DC2-A1E9-FE371CDBAAC2}.Release Kernel|X86.ActiveCfg = Release Kernel|Win32
		{E06E2E87-82B9-4DC2-A1E9-FE371CDBAAC2}.Release MD DLL|x64.ActiveCfg = Release MD DLL|x64
		{E06E2E87-82B9-4DC2-A1E9-FE371CDBAAC2}.Release MD DLL|x64.Build.0 = Release MD DLL|x64
		{E06E2E87-82B9-4DC2-A1E9-FE371CDBAAC2}.Release MD DLL|X86.ActiveCfg = Release MD DLL|Win32
		{E06E2E87-82B9-4DC2-A1E9-FE371CDBAAC2}.Release MD DLL|X86.Build.0 = Release MD DLL|Win32
		{E06E2E87-82B9-4DC2-A1E9-FE371CDBAAC2}.Release MD|x64.ActiveCfg = Release MD|x64
		{E06E2E87-82B9-4DC2-A1E9-FE371CDBAAC2}.Release MD|x64.Build.0 = Release MD|x64
		{E06E2E87-82B9-4DC2-A1E9-FE371CDBAAC2}.Release MD|X86.ActiveCfg = Release MD|Win32
		{E06E2E87-82B9-4DC2-A1E9-FE371CDBAAC2}.Release MD|X86.Build.0 = Release MD|Win32
		{E06E2E87-82B9-4DC2-A1E9-FE371CDBAAC2}.Release MT DLL|x64.ActiveCfg = Release MT DLL|x64
		{E06E2E87-82B9-4DC2-A1E9-FE371CDBAAC2}.Release MT DLL|x64.Build.0 = Release MT DLL|x64
		{E06E2E87-82B9-4DC2-A1E9-FE371CDBAAC2}.Release MT DLL|X86.ActiveCfg = Release MT DLL|Win32
		{E06E2E87-82B9-4DC2-A1E9-FE371CDBAAC2}.Release MT DLL|X86.Build.0 = Release MT DLL|Win32
		{E06E2E87-82B9-4DC2-A1E9-FE371CDBAAC2}.Release MT|x64.ActiveCfg = Release MT|x64
		{E06E2E87-82B9-4DC2-A1E9-FE371CDBAAC2}.Release MT|x64.Build.0 = Release MT|x64
		{E06E2E87-82B9-4DC2-A1E9-FE371CDBAAC2}.Release MT|X86.ActiveCfg = Release MT|Win32
		{E06E2E87-82B9-4DC2-A1E9-FE371CDBAAC2}.Release MT|X86.Build.0 = Release MT|Win32
		{E06E2E87-82B9-4DC2-A1E9-FE371CDBAAC2}.Release|x64.ActiveCfg = Release MD DLL|x64
		{E06E2E87-82B9-4DC2-A1E9-FE371CDBAAC2}.Release|x64.Build.0 = Release MD DLL|x64
		{E06E2E87-82B9-4DC2-A1E9-FE371CDBAAC2}.Release|X86.ActiveCfg = Release MT|Win32
		{E06E2E87-82B9-4DC2-A1E9-FE371CDBAAC2}.Release|X86.Build.0 = Release MT|Win32
		{2A7F483F-CD19-4F84-BBDA-B6A1865E2773}.Debug Kernel|x64.ActiveCfg = Debug|x64
		{2A7F483F-CD19-4F84-BBDA-B6A1865E2773}.Debug Kernel|x64.Build.0 = Debug|x64
		{2A7F483F-CD19-4F84-BBDA-B6A1865E2773}.Debug Kernel|X86.ActiveCfg = Debug|Win32
		{2A7F483F-CD19-4F84-BBDA-B6A1865E2773}.Debug Kernel|X86.Build.0 = Debug|Win32
		{2A7F483F-CD19-4F84-BBDA-B6A1865E2773}.Debug MD DLL|x64.ActiveCfg = Debug|x64
		{2A7F483F-CD19-4F84-BBDA-B6A1865E2773}.Debug MD DLL|x64.Build.0 = Debug|x64
		{2A7F483F-CD19-4F84-BBDA-B6A1865E2773}.Debug MD DLL|X86.ActiveCfg = Debug|Win32
		{2A7F483F-CD19-4F84-BBDA-B6A1865E2773}.Debug MD DLL|X86.Build.0 = Debug|Win32
		{2A7F483F-CD19-4F84-BBDA-B6A1865E2773}.Debug MD|x64.ActiveCfg = Debug|x64
		{2A7F483F-CD19-4F84-BBDA-B6A1865E2773}.Debug MD|x64.Build.0 = Debug|x64
		{2A7F483F-CD19-4F84-BBDA-B6A1865E2773}.Debug MD|X86.ActiveCfg = Debug|Win32
		{2A7F483F-CD19-4F84-BBDA-B6A1865E2773}.Debug MD|X86.Build.0 = Debug|Win32
		{2A7F483F-CD19-4F84-BBDA-B6A1865E2773}.Debug MT DLL|x64.ActiveCfg = Debug|x64
		{2A7F483F-CD19-4F84-BBDA-B6A1865E2773}.Debug MT DLL|x64.Build.0 = Debug|x64
		{2A7F483F-CD19-4F84-BBDA-B6A1865E2773}.Debug MT DLL|X86.ActiveCfg = Debug|Win32
		{2A7F483F-CD19-4F84-BBDA-B6A1865E2773}.Debug MT DLL|X86.Build.0 = Debug|Win32
		{2A7F483F-CD19-4F84-BBDA-B6A1865E2773}.Debug MT|x64.ActiveCfg = Debug|x64
		{2A7F483F-CD19-4F84-BBDA-B6A1865E2773}.Debug MT|x64.Build.0 = Debug|x64
		{2A7F483F-CD19-4F84-BBDA-B6A1865E2773}.Debug MT|X86.ActiveCfg = Debug|Win32
		{2A7F483F-CD19-4F84-BBDA-B6A1865E2773}.Debug MT|X86.Build.0 = Debug|Win32
		{2A7F483F-CD19-4F84-BBDA-B6A1865E2773}.Debug|x64.ActiveCfg = Debug|x64
		{2A7F483F-CD19-4F84-BBDA-B6A1865E2773}.Debug|x64.Build.0 = Debug|x64
		{2A7F483F-CD19-4F84-BBDA-B6A1865E2773}.Debug|X86.ActiveCfg = Debug|Win32
		{2A7F483F-CD19-4F84-BBDA-B6A1865E2773}.Debug|X86.Build.0 = Debug|Win32
		{2A7F483F-CD19-4F84-BBDA-B6A1865E2773}.Release Kernel|x64.ActiveCfg = Release|x64
		{2A7F483F-CD19-4F84-BBDA-B6A1865E2773}.Release Kernel|x64.Build.0 = Release|x64
		{2A7F483F-CD19-4F84-BBDA-B6A1865E2773}.Release Kernel|X86.ActiveCfg = Release|Win32
		{2A7F483F-CD19-4F84-BBDA-B6A1865E2773}.Release Kernel|X86.Build.0 = Release|Win32
		{2A7F483F-CD19-4F84-BBDA-B6A1865E2773}.Release MD DLL|x64.ActiveCfg = Release|x64
		{2A7F483F-CD19-4F84-BBDA-B6A1865E2773}.Release MD DLL|x64.Build.0 = Release|x64
		{2A7F483F-CD19-4F84-BBDA-B6A1865E2773}.Release MD DLL|X86.ActiveCfg = Release|Win32
		{2A7F483F-CD19-4F84-BBDA-B6A1865E2773}.Release MD DLL|X86.Build.0 = Release|Win32
		{2A7F483F-CD19-4F84-BBDA-B6A1865E2773}.Release MD|x64.ActiveCfg = Release|x64
		{2A7F483F-CD19-4F84-BBDA-B6A1865E2773}.Release MD|x64.Build.0 = Release|x64
		{2A7F483F-CD19-4F84-BBDA-B6A1865E2773}.Release MD|X86.ActiveCfg = Release|Win32
		{2A7F483F-CD19-4F84-BBDA-B6A1865E2773}.Release MD|X86.Build.0 = Release|Win32
		{2A7F483F-CD19-4F84-BBDA-B6A1865E2773}.Release MT DLL|x64.ActiveCfg = Release|x64
		{2A7F483F-CD19-4F84-BBDA-B6A1865E2773}.Release MT DLL|x64.Build.0 = Release|x64
		{2A7F483F-CD19-4F84-BBDA-B6A1865E2773}.Release MT DLL|X86.ActiveCfg = Release|Win32
		{2A7F483F-CD19-4F84-BBDA-B6A1865E2773}.Release MT DLL|X86.Build.0 = Release|Win32
		{2A7F483F-CD19-4F84-BBDA-B6A1865E2773}.Release MT|x64.ActiveCfg = Release|x64
		{2A7F483F-CD19-4F84-BBDA-B6A1865E2773}.Release MT|x64.Build.0 = Release|x64
		{2A7F483F-CD19-4F84-BBDA-B6A1865E2773}.Release MT|X86.ActiveCfg = Release|Win32
		{2A7F483F-CD19-4F84-BBDA-B6A1865E2773}.Release MT|X86.Build.0 = Release|Win32
		{2A7F483F-CD19-4F84-BBDA-B6A1865E2773}.Release|x64.ActiveCfg = Release|x64
		{2A7F483F-CD19-4F84-BBDA-B6A1865E2773}.Release|x64.Build.0 = Release|x64
		{2A7F483F-CD19-4F84-BBDA-B6A1865E2773}.Release|X86.ActiveCfg = Release|Win32
		{2A7F483F-CD19-4F84-BBDA-B6A1865E2773}.Release|X86.Build.0 = Release|Win32
		{340D86A5-E53C-490B-880A-8EB1F5BDE947}.Debug Kernel|x64.ActiveCfg = Debug|x64
		{340D86A5-E53C-490B-880A-8EB1F5BDE947}.Debug Kernel|x64.Build.0 = Debug|x64
		{340D86A5-E53C-490B-880A-8EB1F5BDE947}.Debug Kernel|X86.ActiveCfg = Debug|Win32
		{340D86A5-E53C-490B-880A-8EB1F5BDE947}.Debug Kernel|X86.Build.0 = Debug|Win32
		{340D86A5-E53C-490B-880A-8EB1F5BDE947}.Debug MD DLL|x64.ActiveCfg = Debug|x64
		{340D86A5-E53C-490B-880A-8EB1F5BDE947}.Debug MD DLL|x64.Build.0 = Debug|x64
		{340D86A5-E53C-490B-880A-8EB1F5BDE947}.Debug MD DLL|X86.ActiveCfg = Debug|Win32
		{340D86A5-E53C-490B-880A-8EB1F5BDE947}.Debug MD DLL|X86.Build.0 = Debug|Win32
		{340D86A5-E53C-490B-880A-8EB1F5BDE947}.Debug MD|x64.ActiveCfg = Debug|x64
		{340D86A5-E53C-490B-880A-8EB1F5BDE947}.Debug MD|x64.Build.0 = Debug|x64
		{340D86A5-E53C-490B-880A-8EB1F5BDE947}.Debug MD|X86.ActiveCfg = Debug|Win32
		{340D86A5-E53C-490B-880A-8EB1F5BDE947}.Debug MD|X86.Build.0 = Debug|Win32
		{340D86A5-E53C-490B-880A-8EB1F5BDE947}.Debug MT DLL|x64.ActiveCfg = Debug|x64
		{340D86A5-E53C-490B-880A-8EB1F5BDE947}.Debug MT DLL|x64.Build.0 = Debug|x64
		{340D86A5-E53C-490B-880A-8EB1F5BDE947}.Debug MT DLL|X86.ActiveCfg = Debug|Win32
		{340D86A5-E53C-490B-880A-8EB1F5BDE947}.Debug MT DLL|X86.Build.0 = Debug|Win32
		{340D86A5-E53C-490B-880A-8EB1F5BDE947}.Debug MT|x64.ActiveCfg = Debug|x64
		{340D86A5-E53C-490B-880A-8EB1F5BDE947}.Debug MT|x64.Build.0 = Debug|x64
		{340D86A5-E53C-490B-880A-8EB1F5BDE947}.Debug MT|X86.ActiveCfg = Debug|Win32
		{340D86A5-E53C-490B-880A-8EB1F5BDE947}.Debug MT|X86.Build.0 = Debug|Win32
		{340D86A5-E53C-490B-880A-8EB1F5BDE947}.Debug|x64.ActiveCfg = Debug|x64
		{340D86A5-E53C-490B-880A-8EB1F5BDE947}.Debug|x64.Build.0 = Debug|x64
		{340D86A5-E53C-490B-880A-8EB1F5BDE947}.Debug|X86.ActiveCfg = Debug|Win32
		{340D86A5-E53C-490B-880A-8EB1F5BDE947}.Debug|X86.Build.0 = Debug|Win32
		{340D86A5-E53C-490B-880A-8EB1F5BDE947}.Release Kernel|x64.ActiveCfg = Release|x64
		{340D86A5-E53C-490B-880A-8EB1F5BDE947}.Release Kernel|x64.Build.0 = Release|x64
		{340D86A5-E53C-490B-880A-8EB1F5BDE947}.Release Kernel|X86.ActiveCfg = Release|Win32
		{340D86A5-E53C-490B-880A-8EB1F5BDE947}.Release Kernel|X86.Build.0 = Release|Win32
		{340D86A5-E53C-490B-880A-8EB1F5BDE947}.Release MD DLL|x64.ActiveCfg = Release|x64
		{340D86A5-E53C-490B-880A-8EB1F5BDE947}.Release MD DLL|x64.Build.0 = Release|x64
		{340D86A5-E53C-490B-880A-8EB1F5BDE947}.Release MD DLL|X86.ActiveCfg = Release|Win32
		{340D86A5-E53C-490B-880A-8EB1F5BDE947}.Release MD DLL|X86.Build.0 = Release|Win32
		{340D86A5-E53C-490B-880A-8EB1F5BDE947}.Release MD|x64.ActiveCfg = Release|x64
		{340D86A5-E53C-490B-880A-8EB1F5BDE947}.Release MD|x64.Build.0 = Release|x64
		{340D86A5-E53C-490B-880A-8EB1F5BDE947}.Release MD|X86.ActiveCfg = Release|Win32
		{340D86A5-E53C-490B-880A-8EB1F5BDE947}.Release MD|X86.Build.0 = Release|Win32
		{340D86A5-E53C-490B-880A-8EB1F5BDE947}.Release MT DLL|x64.ActiveCfg = Release|x64
		{340D86A5-E53C-490B-880A-8EB1F5BDE947}.Release MT DLL|x64.Build.0 = Release|x64
		{340D86A5-E53C-490B-880A-8EB1F5BDE947}.Release MT DLL|X86.ActiveCfg = Release|Win32
		{340D86A5-E53C-490B-880A-8EB1F5BDE947}.Release MT DLL|X86.Build.0 = Release|Win32
		{340D86A5-E53C-490B-880A-8EB1F5BDE947}.Release MT|x64.ActiveCfg = Release|x64
		{340D86A5-E53C-490B-880A-8EB1F5BDE947}.Release MT|x64.Build.0 = Release|x64
		{340D86A5-E53C-490B-880A-8EB1F5BDE947}.Release MT|X86.ActiveCfg = Release|Win32
		{340D86A5-E53C-490B-880A-8EB1F5BDE947}.Release MT|X86.Build.0 = Release|Win32
		{340D86A5-E53C-490B-880A-8EB1F5BDE947}.Release|x64.ActiveCfg = Release|x64
		{340D86A5-E53C-490B-880A-8EB1F5BDE947}.Release|x64.Build.0 = Release|x64
		{340D86A5-E53C-490B-880A-8EB1F5BDE947}.Release|X86.ActiveCfg = Release|Win32
		{340D86A5-E53C-490B-880A-8EB1F5BDE947}.Release|X86.Build.0 = Release|Win32
		{F67EB1EA-DCFA-4758-A2AA-4B570BA78036}.Debug Kernel|x64.ActiveCfg = Debug|x64
		{F67EB1EA-DCFA-4758-A2AA-4B570BA78036}.Debug Kernel|x64.Build.0 = Debug|x64
		{F67EB1EA-DCFA-4758-A2AA-4B570BA78036}.Debug Kernel|X86.ActiveCfg = Debug|Win32
		{F67EB1EA-DCFA-4758-A2AA-4B570BA78036}.Debug Kernel|X86.Build.0 = Debug|Win32
		{F67EB1EA-DCFA-4758-A2AA-4B570BA78036}.Debug MD DLL|x64.ActiveCfg = Debug|x64
		{F67EB1EA-DCFA-4758-A2AA-4B570BA78036}.Debug MD DLL|x64.Build.0 = Debug|x64
		{F67EB1EA-DCFA-4758-A2AA-4B570BA78036}.Debug MD DLL|X86.ActiveCfg = Debug|Win32
		{F67EB1EA-DCFA-4758-A2AA-4B570BA78036}.Debug MD DLL|X86.Build.0 = Debug|Win32
		{F67EB1EA-DCFA-4758-A2AA-4B570BA78036}.Debug MD|x64.ActiveCfg = Debug|x64
		{F67EB1EA-DCFA-4758-A2AA-4B570BA78036}.Debug MD|x64.Build.0 = Debug|x64
		{F67EB1EA-DCFA-4758-A2AA-4B570BA78036}.Debug MD|X86.ActiveCfg = Debug|Win32
		{F67EB1EA-DCFA-4758-A2AA-4B570BA78036}.Debug MD|X86.Build.0 = Debug|Win32
		{F67EB1EA-DCFA-4758-A2AA-4B570BA78036}.Debug MT DLL|x64.ActiveCfg = Debug|x64
		{F67EB1EA-DCFA-4758-A2AA-4B570BA78036}.Debug MT DLL|x64.Build.0 = Debug|x64
		{F67EB1EA-DCFA-4758-A2AA-4B570BA78036}.Debug MT DLL|X86.ActiveCfg = Debug|Win32
		{F67EB1EA-DCFA-4758-A2AA-4B570BA78036}.Debug MT DLL|X86.Build.0 = Debug|Win32
		{F67EB1EA-DCFA-4758-A2AA-4B570BA78036}.Debug MT|x64.ActiveCfg = Debug|x64
		{F67EB1EA-DCFA-4758-A2AA-4B570BA78036}.Debug MT|x64.Build.0 = Debug|x64
		{F67EB1EA-DCFA-4758-A2AA-4B570BA78036}.Debug MT|X86.ActiveCfg = Debug|Win32
		{F67EB1EA-DCFA-4758-A2AA-4B570BA78036}.Debug MT|X86.Build.0 = Debug|Win32
		{F67EB1EA-DCFA-4758-A2AA-4B570BA78036}.Debug|x64.ActiveCfg = Debug|x64
		{F67EB1EA-DCFA-4758-A2AA-4B570BA78036}.Debug|x64.Build.0 = Debug|x64
		{F67EB1EA-DCFA-4758-A2AA-4B570BA78036}.Debug|X86.ActiveCfg = Debug|Win32
		{F67EB1EA-DCFA-4758-A2AA-4B570BA78036}.Debug|X86.Build.0 = Debug|Win32
		{F67EB1EA-DCFA-4758-A2AA-4B570BA78036}.Release Kernel|x64.ActiveCfg = Release|x64
		{F67EB1EA-DCFA-4758-A2AA-4B570BA78036}.Release Kernel|x64.Build.0 = Release|x64
		{F67EB1EA-DCFA-4758-A2AA-4B570BA78036}.Release Kernel|X86.ActiveCfg = Release|Win32
		{F67EB1EA-DCFA-4758-A2AA-4B570BA78036}.Release Kernel|X86.Build.0 = Release|Win32
		{F67EB1EA-DCFA-4758-A2AA-4B570BA78036}.Release MD DLL|x64.ActiveCfg = Release|x64
		{F67EB1EA-DCFA-4758-A2AA-4B570BA78036}.Release MD DLL|x64.Build.0 = Release|x64
		{F67EB1EA-DCFA-4758-A2AA-4B570BA78036}.Release MD DLL|X86.ActiveCfg = Release|Win32
		{F67EB1EA-DCFA-4758-A2AA-4B570BA78036}.Release MD DLL|X86.Build.0 = Release|Win32
		{F67EB1EA-DCFA-4758-A2AA-4B570BA78036}.Release MD|x64.ActiveCfg = Release|x64
		{F67EB1EA-DCFA-4758-A2AA-4B570BA78036}.Release MD|x64.Build.0 = Release|x64
		{F67EB1EA-DCFA-4758-A2AA-4B570BA78036}.Release MD|X86.ActiveCfg = Release|Win32
		{F67EB1EA-DCFA-4758-A2AA-4B570BA78036}.Release MD|X86.Build.0 = Release|Win32
		{F67EB1EA-DCFA-4758-A2AA-4B570BA78036}.Release MT DLL|x64.ActiveCfg = Release|x64
		{F67EB1EA-DCFA-4758-A2AA-4B570BA78036}.Release MT DLL|x64.Build.0 = Release|x64
		{F67EB1EA-DCFA-4758-A2AA-4B570BA78036}.Release MT DLL|X86.ActiveCfg = Release|Win32
		{F67EB1EA-DCFA-4758-A2AA-4B570BA78036}.Release MT DLL|X86.Build.0 = Release|Win32
		{F67EB1EA-DCFA-4758-A2AA-4B570BA78036}.Release MT|x64.ActiveCfg = Release|x64
		{F67EB1EA-DCFA-4758-A2AA-4B570BA78036}.Release MT|x64.Build.0 = Release|x64
		{F67EB1EA-DCFA-4758-A2AA-4B570BA78036}.Release MT|X86.ActiveCfg = Release|Win32
		{F67EB1EA-DCFA-4758-A2AA-4B570BA78036}.Release MT|X86.Build.0 = Release|Win32
		{F67EB1EA-DCFA-4758-A2AA-4B570BA78036}.Release|x64.ActiveCfg = Release|x64
		{F67EB1EA-DCFA-4758-A2AA-4B570BA78036}.Release|x64.Build.0 = Release|x64
		{F67EB1EA-DCFA-4758-A2AA-4B570BA78036}.Release|X86.ActiveCfg = Release|Win32
		{F67EB1EA-DCFA-4758-A2AA-4B570BA78036}.Release|X86.Build.0 = Release|Win32
		{740F3007-7BF0-4C0C-8FA5-2587C794EF31}.Debug Kernel|x64.ActiveCfg = Debug|x64
		{740F3007-7BF0-4C0C-8FA5-2587C794EF31}.Debug Kernel|x64.Build.0 = Debug|x64
		{740F3007-7BF0-4C0C-8FA5-2587C794EF31}.Debug Kernel|X86.ActiveCfg = Debug|Win32
		{740F3007-7BF0-4C0C-8FA5-2587C794EF31}.Debug Kernel|X86.Build.0 = Debug|Win32
		{740F3007-7BF0-4C0C-8FA5-2587C794EF31}.Debug MD DLL|x64.ActiveCfg = Debug|x64
		{740F3007-7BF0-4C0C-8FA5-2587C794EF31}.Debug MD DLL|x64.Build.0 = Debug|x64
		{740F3007-7BF0-4C0C-8FA5-2587C794EF31}.Debug MD DLL|X86.ActiveCfg = Debug|Win32
		{740F3007-7BF0-4C0C-8FA5-2587C794EF31}.Debug MD DLL|X86.Build.0 = Debug|Win32
		{740F3007-7BF0-4C0C-8FA5-2587C794EF31}.Debug MD|x64.ActiveCfg = Debug|x64
		{740F3007-7BF0-4C0C-8FA5-2587C794EF31}.Debug MD|x64.Build.0 = Debug|x64
		{740F3007-7BF0-4C0C-8FA5-2587C794EF31}.Debug MD|X86.ActiveCfg = Debug|Win32
		{740F3007-7BF0-4C0C-8FA5-2587C794EF31}.Debug MD|X86.Build.0 = Debug|Win32
		{740F3007-7BF0-4C0C-8FA5-2587C794EF31}.Debug MT DLL|x64.ActiveCfg = Debug|x64
		{740F3007-7BF0-4C0C-8FA5-2587C794EF31}.Debug MT DLL|x64.Build.0 = Debug|x64
		{740F3007-7BF0-4C0C-8FA5-2587C794EF31}.Debug MT DLL|X86.ActiveCfg = Debug|Win32
		{740F3007-7BF0-4C0C-8FA5-2587C794EF31}.Debug MT DLL|X86.Build.0 = Debug|Win32
		{740F3007-7BF0-4C0C-8FA5-2587C794EF31}.Debug MT|x64.ActiveCfg = Debug|x64
		{740F3007-7BF0-4C0C-8FA5-2587C794EF31}.Debug MT|x64.Build.0 = Debug|x64
		{740F3007-7BF0-4C0C-8FA5-2587C794EF31}.Debug MT|X86.ActiveCfg = Debug|Win32
		{740F3007-7BF0-4C0C-8FA5-2587C794EF31}.Debug MT|X86.Build.0 = Debug|Win32
		{740F3007-7BF0-4C0C-8FA5-2587C794EF31}.Debug|x64.ActiveCfg = Debug|x64
		{740F3007-7BF0-4C0C-8FA5-2587C794EF31}.Debug|x64.Build.0 = Debug|x64
		{740F3007-7BF0-4C0C-8FA5-2587C794EF31}.Debug|X86.ActiveCfg = Debug|Win32
		{740F3007-7BF0-4C0C-8FA5-2587C794EF31}.Debug|X86.Build.0 = Debug|Win32
		{740F3007-7BF0-4C0C-8FA5-2587C794EF31}.Release Kernel|x64.ActiveCfg = Release|x64
		{740F3007-7BF0-4C0C-8FA5-2587C794EF31}.Release Kernel|x64.Build.0 = Release|x64
		{740F3007-7BF0-4C0C-8FA5-2587C794EF31}.Release Kernel|X86.ActiveCfg = Release|Win32
		{740F3007-7BF0-4C0C-8FA5-2587C794EF31}.Release Kernel|X86.Build.0 = Release|Win32
		{740F3007-7BF0-4C0C-8FA5-2587C794EF31}.Release MD DLL|x64.ActiveCfg = Release|x64
		{740F3007-7BF0-4C0C-8FA5-2587C794EF31}.Release MD DLL|x64.Build.0 = Release|x64
		{740F3007-7BF0-4C0C-8FA5-2587C794EF31}.Release MD DLL|X86.ActiveCfg = Release|Win32
		{740F3007-7BF0-4C0C-8FA5-2587C794EF31}.Release MD DLL|X86.Build.0 = Release|Win32
		{740F3007-7BF0-4C0C-8FA5-2587C794EF31}.Release MD|x64.ActiveCfg = Release|x64
		{740F3007-7BF0-4C0C-8FA5-2587C794EF31}.Release MD|x64.Build.0 = Release|x64
		{740F3007-7BF0-4C0C-8FA5-2587C794EF31}.Release MD|X86.ActiveCfg = Release|Win32
		{740F3007-7BF0-4C0C-8FA5-2587C794EF31}.Release MD|X86.Build.0 = Release|Win32
		{740F3007-7BF0-4C0C-8FA5-2587C794EF31}.Release MT DLL|x64.ActiveCfg = Release|x64
		{740F3007-7BF0-4C0C-8FA5-2587C794EF31}.Release MT DLL|x64.Build.0 = Release|x64
		{740F3007-7BF0-4C0C-8FA5-2587C794EF31}.Release MT DLL|X86.ActiveCfg = Release|Win32
		{740F3007-7BF0-4C0C-8FA5-2587C794EF31}.Release MT DLL|X86.Build.0 = Release|Win32
		{740F3007-7BF0-4C0C-8FA5-2587C794EF31}.Release MT|x64.ActiveCfg = Release|x64
		{740F3007-7BF0-4C0C-8FA5-2587C794EF31}.Release MT|x64.Build.0 = Release|x64
		{740F3007-7BF0-4C0C-8FA5-2587C794EF31}.Release MT|X86.ActiveCfg = Release|Win32
		{740F3007-7BF0-4C0C-8FA5-2587C794EF31}.Release MT|X86.Build.0 = Release|Win32
		{740F3007-7BF0-4C0C-8FA5-2587C794EF31}.Release|x64.ActiveCfg = Release|x64
		{740F3007-7BF0-4C0C-8FA5-2587C794EF31}.Release|x64.Build.0 = Release|x64
		{740F3007-7BF0-4C0C-8FA5-2587C794EF31}.Release|X86.ActiveCfg = Release|Win32
		{740F3007-7BF0-4C0C-8FA5-2587C794EF31}.Release|X86.Build.0 = Release|Win32
		{2C5AD347-6E34-463B-8289-00578E43B255}.Debug Kernel|x64.ActiveCfg = Debug|x64
		{2C5AD347-6E34-463B-8289-00578E43B255}.Debug Kernel|x64.Build.0 = Debug|x64
		{2C5AD347-6E34-463B-8289-00578E43B255}.Debug Kernel|X86.ActiveCfg = Debug|Win32
		{2C5AD347-6E34-463B-8289-00578E43B255}.Debug Kernel|X86.Build.0 = Debug|Win32
		{2C5AD347-6E34-463B-8289-00578E43B255}.Debug MD DLL|x64.ActiveCfg = Debug|x64
		{2C5AD347-6E34-463B-8289-00578E43B255}.Debug MD DLL|x64.Build.0 = Debug|x64
		{2C5AD347-6E34-463B-8289-00578E43B255}.Debug MD DLL|X86.ActiveCfg = Debug|Win32
		{2C5AD347-6E34-463B-8289-00578E43B255}.Debug MD DLL|X86.Build.0 = Debug|Win32
		{2C5AD347-6E34-463B-8289-00578E43B255}.Debug MD|x64.ActiveCfg = Debug|x64
		{2C5AD347-6E34-463B-8289-00578E43B255}.Debug MD|x64.Build.0 = Debug|x64
		{2C5AD347-6E34-463B-8289-00578E43B255}.Debug MD|X86.ActiveCfg = Debug|Win32
		{2C5AD347-6E34-463B-8289-00578E43B255}.Debug MD|X86.Build.0 = Debug|Win32
		{2C5AD347-6E34-463B-8289-00578E43B255}.Debug MT DLL|x64.ActiveCfg = Debug|x64
		{2C5AD347-6E34-463B-8289-00578E43B255}.Debug MT DLL|x64.Build.0 = Debug|x64
		{2C5AD347-6E34-463B-8289-00578E43B255}.Debug MT DLL|X86.ActiveCfg = Debug|Win32
		{2C5AD347-6E34-463B-8289-00578E43B255}.Debug MT DLL|X86.Build.0 = Debug|Win32
		{2C5AD347-6E34-463B-8289-00578E43B255}.Debug MT|x64.ActiveCfg = Debug|x64
		{2C5AD347-6E34-463B-8289-00578E43B255}.Debug MT|x64.Build.0 = Debug|x64
		{2C5AD347-6E34-463B-8289-00578E43B255}.Debug MT|X86.ActiveCfg = Debug|Win32
		{2C5AD347-6E34-463B-8289-00578E43B255}.Debug MT|X86.Build.0 = Debug|Win32
		{2C5AD347-6E34-463B-8289-00578E43B255}.Debug|x64.ActiveCfg = Debug|x64
		{2C5AD347-6E34-463B-8289-00578E43B255}.Debug|x64.Build.0 = Debug|x64
		{2C5AD347-6E34-463B-8289-00578E43B255}.Debug|X86.ActiveCfg = Debug|Win32
		{2C5AD347-6E34-463B-8289-00578E43B255}.Debug|X86.Build.0 = Debug|Win32
		{2C5AD347-6E34-463B-8289-00578E43B255}.Release Kernel|x64.ActiveCfg = Release|x64
		{2C5AD347-6E34-463B-8289-00578E43B255}.Release Kernel|x64.Build.0 = Release|x64
		{2C5AD347-6E34-463B-8289-00578E43B255}.Release Kernel|X86.ActiveCfg = Release|Win32
		{2C5AD347-6E34-463B-8289-00578E43B255}.Release Kernel|X86.Build.0 = Release|Win32
		{2C5AD347-6E34-463B-8289-00578E43B255}.Release MD DLL|x64.ActiveCfg = Release|x64
		{2C5AD347-6E34-463B-8289-00578E43B255}.Release MD DLL|x64.Build.0 = Release|x64
		{2C5AD347-6E34-463B-8289-00578E43B255}.Release MD DLL|X86.ActiveCfg = Release|Win32
		{2C5AD347-6E34-463B-8289-00578E43B255}.Release MD DLL|X86.Build.0 = Release|Win32
		{2C5AD347-6E34-463B-8289-00578E43B255}.Release MD|x64.ActiveCfg = Release|x64
		{2C5AD347-6E34-463B-8289-00578E43B255}.Release MD|x64.Build.0 = Release|x64
		{2C5AD347-6E34-463B-8289-00578E43B255}.Release MD|X86.ActiveCfg = Release|Win32
		{2C5AD347-6E34-463B-8289-00578E43B255}.Release MD|X86.Build.0 = Release|Win32
		{2C5AD347-6E34-463B-8289-00578E43B255}.Release MT DLL|x64.ActiveCfg = Release|x64
		{2C5AD347-6E34-463B-8289-00578E43B255}.Release MT DLL|x64.Build.0 = Release|x64
		{2C5AD347-6E34-463B-8289-00578E43B255}.Release MT DLL|X86.ActiveCfg = Release|Win32
		{2C5AD347-6E34-463B-8289-00578E43B255}.Release MT DLL|X86.Build.0 = Release|Win32
		{2C5AD347-6E34-463B-8289-00578E43B255}.Release MT|x64.ActiveCfg = Release|x64
		{2C5AD347-6E34-463B-8289-00578E43B255}.Release MT|x64.Build.0 = Release|x64
		{2C5AD347-6E34-463B-8289-00578E43B255}.Release MT|X86.ActiveCfg = Release|Win32
		{2C5AD347-6E34-463B-8289-00578E43B255}.Release MT|X86.Build.0 = Release|Win32
		{2C5AD347-6E34-463B-8289-00578E43B255}.Release|x64.ActiveCfg = Release|x64
		{2C5AD347-6E34-463B-8289-00578E43B255}.Release|x64.Build.0 = Release|x64
		{2C5AD347-6E34-463B-8289-00578E43B255}.Release|X86.ActiveCfg = Release|Win32
		{2C5AD347-6E34-463B-8289-00578E43B255}.Release|X86.Build.0 = Release|Win32
		{63050112-E486-4396-B5E4-303C3BC12D39}.Debug Kernel|x64.ActiveCfg = Debug|x64
		{63050112-E486-4396-B5E4-303C3BC12D39}.Debug Kernel|x64.Build.0 = Debug|x64
		{63050112-E486-4396-B5E4-303C3BC12D39}.Debug Kernel|X86.ActiveCfg = Debug|Win32
		{63050112-E486-4396-B5E4-303C3BC12D39}.Debug Kernel|X86.Build.0 = Debug|Win32
		{63050112-E486-4396-B5E4-303C3BC12D39}.Debug MD DLL|x64.ActiveCfg = Debug|x64
		{63050112-E486-4396-B5E4-303C3BC12D39}.Debug MD DLL|x64.Build.0 = Debug|x64
		{63050112-E486-4396-B5E4-303C3BC12D39}.Debug MD DLL|X86.ActiveCfg = Debug|Win32
		{63050112-E486-4396-B5E4-303C3BC12D39}.Debug MD DLL|X86.Build.0 = Debug|Win32
		{63050112-E486-4396-B5E4-303C3BC12D39}.Debug MD|x64.ActiveCfg = Debug|x64
		{63050112-E486-4396-B5E4-303C3BC12D39}.Debug MD|x64.Build.0 = Debug|x64
		{63050112-E486-4396-B5E4-303C3BC12D39}.Debug MD|X86.ActiveCfg = Debug|Win32
		{63050112-E486-4396-B5E4-303C3BC12D39}.Debug MD|X86.Build.0 = Debug|Win32
		{63050112-E486-4396-B5E4-303C3BC12D39}.Debug MT DLL|x64.ActiveCfg = Debug|x64
		{63050112-E486-4396-B5E4-303C3BC12D39}.Debug MT DLL|x64.Build.0 = Debug|x64
		{63050112-E486-4396-B5E4-303C3BC12D39}.Debug MT DLL|X86.ActiveCfg = Debug|Win32
		{63050112-E486-4396-B5E4-303C3BC12D39}.Debug MT DLL|X86.Build.0 = Debug|Win32
		{63050112-E486-4396-B5E4-303C3BC12D39}.Debug MT|x64.ActiveCfg = Debug|x64
		{63050112-E486-4396-B5E4-303C3BC12D39}.Debug MT|x64.Build.0 = Debug|x64
		{63050112-E486-4396-B5E4-303C3BC12D39}.Debug MT|X86.ActiveCfg = Debug|Win32
		{63050112-E486-4396-B5E4-303C3BC12D39}.Debug MT|X86.Build.0 = Debug|Win32
		{63050112-E486-4396-B5E4-303C3BC12D39}.Debug|x64.ActiveCfg = Debug|x64
		{63050112-E486-4396-B5E4-303C3BC12D39}.Debug|x64.Build.0 = Debug|x64
		{63050112-E486-4396-B5E4-303C3BC12D39}.Debug|X86.ActiveCfg = Debug|Win32
		{63050112-E486-4396-B5E4-303C3BC12D39}.Debug|X86.Build.0 = Debug|Win32
		{63050112-E486-4396-B5E4-303C3BC12D39}.Release Kernel|x64.ActiveCfg = Release|x64
		{63050112-E486-4396-B5E4-303C3BC12D39}.Release Kernel|x64.Build.0 = Release|x64
		{63050112-E486-4396-B5E4-303C3BC12D39}.Release Kernel|X86.ActiveCfg = Release|Win32
		{63050112-E486-4396-B5E4-303C3BC12D39}.Release Kernel|X86.Build.0 = Release|Win32
		{63050112-E486-4396-B5E4-303C3BC12D39}.Release MD DLL|x64.ActiveCfg = Release|x64
		{63050112-E486-4396-B5E4-303C3BC12D39}.Release MD DLL|x64.Build.0 = Release|x64
		{63050112-E486-4396-B5E4-303C3BC12D39}.Release MD DLL|X86.ActiveCfg = Release|Win32
		{63050112-E486-4396-B5E4-303C3BC12D39}.Release MD DLL|X86.Build.0 = Release|Win32
		{63050112-E486-4396-B5E4-303C3BC12D39}.Release MD|x64.ActiveCfg = Release|x64
		{63050112-E486-4396-B5E4-303C3BC12D39}.Release MD|x64.Build.0 = Release|x64
		{63050112-E486-4396-B5E4-303C3BC12D39}.Release MD|X86.ActiveCfg = Release|Win32
		{63050112-E486-4396-B5E4-303C3BC12D39}.Release MD|X86.Build.0 = Release|Win32
		{63050112-E486-4396-B5E4-303C3BC12D39}.Release MT DLL|x64.ActiveCfg = Release|x64
		{63050112-E486-4396-B5E4-303C3BC12D39}.Release MT DLL|x64.Build.0 = Release|x64
		{63050112-E486-4396-B5E4-303C3BC12D39}.Release MT DLL|X86.ActiveCfg = Release|Win32
		{63050112-E486-4396-B5E4-303C3BC12D39}.Release MT DLL|X86.Build.0 = Release|Win32
		{63050112-E486-4396-B5E4-303C3BC12D39}.Release MT|x64.ActiveCfg = Release|x64
		{63050112-E486-4396-B5E4-303C3BC12D39}.Release MT|x64.Build.0 = Release|x64
		{63050112-E486-4396-B5E4-303C3BC12D39}.Release MT|X86.ActiveCfg = Release|Win32
		{63050112-E486-4396-B5E4-303C3BC12D39}.Release MT|X86.Build.0 = Release|Win32
		{63050112-E486-4396-B5E4-303C3BC12D39}.Release|x64.ActiveCfg = Release|x64
		{63050112-E486-4396-B5E4-303C3BC12D39}.Release|x64.Build.0 = Release|x64
		{63050112-E486-4396-B5E4-303C3BC12D39}.Release|X86.ActiveCfg = Release|Win32
		{63050112-E486-4396-B5E4-303C3BC12D39}.Release|X86.Build.0 = Release|Win32
		{4A9F9353-DB63-460A-BB1C-9CB519DFD414}.Debug Kernel|x64.ActiveCfg = Debug|x64
		{4A9F9353-DB63-460A-BB1C-9CB519DFD414}.Debug Kernel|x64.Build.0 = Debug|x64
		{4A9F9353-DB63-460A-BB1C-9CB519DFD414}.Debug Kernel|X86.ActiveCfg = Debug|Win32
		{4A9F9353-DB63-460A-BB1C-9CB519DFD414}.Debug Kernel|X86.Build.0 = Debug|Win32
		{4A9F9353-DB63-460A-BB1C-9CB519DFD414}.Debug MD DLL|x64.ActiveCfg = Debug|x64
		{4A9F9353-DB63-460A-BB1C-9CB519DFD414}.Debug MD DLL|x64.Build.0 = Debug|x64
		{4A9F9353-DB63-460A-BB1C-9CB519DFD414}.Debug MD DLL|X86.ActiveCfg = Debug|Win32
		{4A9F9353-DB63-460A-BB1C-9CB519DFD414}.Debug MD DLL|X86.Build.0 = Debug|Win32
		{4A9F9353-DB63-460A-BB1C-9CB519DFD414}.Debug MD|x64.ActiveCfg = Debug|x64
		{4A9F9353-DB63-460A-BB1C-9CB519DFD414}.Debug MD|x64.Build.0 = Debug|x64
		{4A9F9353-DB63-460A-BB1C-9CB519DFD414}.Debug MD|X86.ActiveCfg = Debug|Win32
		{4A9F9353-DB63-460A-BB1C-9CB519DFD414}.Debug MD|X86.Build.0 = Debug|Win32
		{4A9F9353-DB63-460A-BB1C-9CB519DFD414}.Debug MT DLL|x64.ActiveCfg = Debug|x64
		{4A9F9353-DB63-460A-BB1C-9CB519DFD414}.Debug MT DLL|x64.Build.0 = Debug|x64
		{4A9F9353-DB63-460A-BB1C-9CB519DFD414}.Debug MT DLL|X86.ActiveCfg = Debug|Win32
		{4A9F9353-DB63-460A-BB1C-9CB519DFD414}.Debug MT DLL|X86.Build.0 = Debug|Win32
		{4A9F9353-DB63-460A-BB1C-9CB519DFD414}.Debug MT|x64.ActiveCfg = Debug|x64
		{4A9F9353-DB63-460A-BB1C-9CB519DFD414}.Debug MT|x64.Build.0 = Debug|x64
		{4A9F9353-DB63-460A-BB1C-9CB519DFD414}.Debug MT|X86.ActiveCfg = Debug|Win32
		{4A9F9353-DB63-460A-BB1C-9CB519DFD414}.Debug MT|X86.Build.0 = Debug|Win32
		{4A9F9353-DB63-460A-BB1C-9CB519DFD414}.Debug|x64.ActiveCfg = Debug|x64
		{4A9F9353-DB63-460A-BB1C-9CB519DFD414}.Debug|x64.Build.0 = Debug|x64
		{4A9F9353-DB63-460A-BB1C-9CB519DFD414}.Debug|X86.ActiveCfg = Debug|Win32
		{4A9F9353-DB63-460A-BB1C-9CB519DFD414}.Debug|X86.Build.0 = Debug|Win32
		{4A9F9353-DB63-460A-BB1C-9CB519DFD414}.Release Kernel|x64.ActiveCfg = Release|x64
		{4A9F9353-DB63-460A-BB1C-9CB519DFD414}.Release Kernel|x64.Build.0 = Release|x64
		{4A9F9353-DB63-460A-BB1C-9CB519DFD414}.Release Kernel|X86.ActiveCfg = Release|Win32
		{4A9F9353-DB63-460A-BB1C-9CB519DFD414}.Release Kernel|X86.Build.0 = Release|Win32
		{4A9F9353-DB63-460A-BB1C-9CB519DFD414}.Release MD DLL|x64.ActiveCfg = Release|x64
		{4A9F9353-DB63-460A-BB1C-9CB519DFD414}.Release MD DLL|x64.Build.0 = Release|x64
		{4A9F9353-DB63-460A-BB1C-9CB519DFD414}.Release MD DLL|X86.ActiveCfg = Release|Win32
		{4A9F9353-DB63-460A-BB1C-9CB519DFD414}.Release MD DLL|X86.Build.0 = Release|Win32
		{4A9F9353-DB63-460A-BB1C-9CB519DFD414}.Release MD|x64.ActiveCfg = Release|x64
		{4A9F9353-DB63-460A-BB1C-9CB519DFD414}.Release MD|x64.Build.0 = Release|x64
		{4A9F9353-DB63-460A-BB1C-9CB519DFD414}.Release MD|X86.ActiveCfg = Release|Win32
		{4A9F9353-DB63-460A-BB1C-9CB519DFD414}.Release MD|X86.Build.0 = Release|Win32
		{4A9F9353-DB63-460A-BB1C-9CB519DFD414}.Release MT DLL|x64.ActiveCfg = Release|x64
		{4A9F9353-DB63-460A-BB1C-9CB519DFD414}.Release MT DLL|x64.Build.0 = Release|x64
		{4A9F9353-DB63-460A-BB1C-9CB519DFD414}.Release MT DLL|X86.ActiveCfg = Release|Win32
		{4A9F9353-DB63-460A-BB1C-9CB519DFD414}.Release MT DLL|X86.Build.0 = Release|Win32
		{4A9F9353-DB63-460A-BB1C-9CB519DFD414}.Release MT|x64.ActiveCfg = Release|x64
		{4A9F9353-DB63-460A-BB1C-9CB519DFD414}.Release MT|x64.Build.0 = Release|x64
		{4A9F9353-DB63-460A-BB1C-9CB519DFD414}.Release MT|X86.ActiveCfg = Release|Win32
		{4A9F9353-DB63-460A-BB1C-9CB519DFD414}.Release MT|X86.Build.0 = Release|Win32
		{4A9F9353-DB63-460A-BB1C-9CB519DFD414}.Release|x64.ActiveCfg = Release|x64
		{4A9F9353-DB63-460A-BB1C-9CB519DFD414}.Release|x64.Build.0 = Release|x64
		{4A9F9353-DB63-460A-BB1C-9CB519DFD414}.Release|X86.ActiveCfg = Release|Win32
		{4A9F9353-DB63-460A-BB1C-9CB519DFD414}.Release|X86.Build.0 = Release|Win32
		{006A7908-ABF3-4D18-BC35-0A29E39B95F9}.Debug Kernel|x64.ActiveCfg = Debug|x64
		{006A7908-ABF3-4D18-BC35-0A29E39B95F9}.Debug Kernel|x64.Build.0 = Debug|x64
		{006A7908-ABF3-4D18-BC35-0A29E39B95F9}.Debug Kernel|X86.ActiveCfg = Debug|Win32
		{006A7908-ABF3-4D18-BC35-0A29E39B95F9}.Debug Kernel|X86.Build.0 = Debug|Win32
		{006A7908-ABF3-4D18-BC35-0A29E39B95F9}.Debug MD DLL|x64.ActiveCfg = Debug|x64
		{006A7908-ABF3-4D18-BC35-0A29E39B95F9}.Debug MD DLL|x64.Build.0 = Debug|x64
		{006A7908-ABF3-4D18-BC35-0A29E39B95F9}.Debug MD DLL|X86.ActiveCfg = Debug|Win32
		{006A7908-ABF3-4D18-BC35-0A29E39B95F9}.Debug MD DLL|X86.Build.0 = Debug|Win32
		{006A7908-ABF3-4D18-BC35-0A29E39B95F9}.Debug MD|x64.ActiveCfg = Debug|x64
		{006A7908-ABF3-4D18-BC35-0A29E39B95F9}.Debug MD|x64.Build.0 = Debug|x64
		{006A7908-ABF3-4D18-BC35-0A29E39B95F9}.Debug MD|X86.ActiveCfg = Debug|Win32
		{006A7908-ABF3-4D18-BC35-0A29E39B95F9}.Debug MD|X86.Build.0 = Debug|Win32
		{006A7908-ABF3-4D18-BC35-0A29E39B95F9}.Debug MT DLL|x64.ActiveCfg = Debug|x64
		{006A7908-ABF3-4D18-BC35-0A29E39B95F9}.Debug MT DLL|x64.Build.0 = Debug|x64
		{006A7908-ABF3-4D18-BC35-0A29E39B95F9}.Debug MT DLL|X86.ActiveCfg = Debug|Win32
		{006A7908-ABF3-4D18-BC35-0A29E39B95F9}.Debug MT DLL|X86.Build.0 = Debug|Win32
		{006A7908-ABF3-4D18-BC35-0A29E39B95F9}.Debug MT|x64.ActiveCfg = Debug|x64
		{006A7908-ABF3-4D18-BC35-0A29E39B95F9}.Debug MT|x64.Build.0 = Debug|x64
		{006A7908-ABF3-4D18-BC35-0A29E39B95F9}.Debug MT|X86.ActiveCfg = Debug|Win32
		{006A7908-ABF3-4D18-BC35-0A29E39B95F9}.Debug MT|X86.Build.0 = Debug|Win32
		{006A7908-ABF3-4D18-BC35-0A29E39B95F9}.Debug|x64.ActiveCfg = Debug|x64
		{006A7908-ABF3-4D18-BC35-0A29E39B95F9}.Debug|x64.Build.0 = Debug|x64
		{006A7908-ABF3-4D18-BC35-0A29E39B95F9}.Debug|X86.ActiveCfg = Debug|Win32
		{006A7908-ABF3-4D18-BC35-0A29E39B95F9}.Debug|X86.Build.0 = Debug|Win32
		{006A7908-ABF3-4D18-BC35-0A29E39B95F9}.Release Kernel|x64.ActiveCfg = Release|x64
		{006A7908-ABF3-4D18-BC35-0A29E39B95F9}.Release Kernel|x64.Build.0 = Release|x64
		{006A7908-ABF3-4D18-BC35-0A29E39B95F9}.Release Kernel|X86.ActiveCfg = Release|Win32
		{006A7908-ABF3-4D18-BC35-0A29E39B95F9}.Release Kernel|X86.Build.0 = Release|Win32
		{006A7908-ABF3-4D18-BC35-0A29E39B95F9}.Release MD DLL|x64.ActiveCfg = Release|x64
		{006A7908-ABF3-4D18-BC35-0A29E39B95F9}.Release MD DLL|x64.Build.0 = Release|x64
		{006A7908-ABF3-4D18-BC35-0A29E39B95F9}.Release MD DLL|X86.ActiveCfg = Release|Win32
		{006A7908-ABF3-4D18-BC35-0A29E39B95F9}.Release MD DLL|X86.Build.0 = Release|Win32
		{006A7908-ABF3-4D18-BC35-0A29E39B95F9}.Release MD|x64.ActiveCfg = Release|x64
		{006A7908-ABF3-4D18-BC35-0A29E39B95F9}.Release MD|x64.Build.0 = Release|x64
		{006A7908-ABF3-4D18-BC35-0A29E39B95F9}.Release MD|X86.ActiveCfg = Release|Win32
		{006A7908-ABF3-4D18-BC35-0A29E39B95F9}.Release MD|X86.Build.0 = Release|Win32
		{006A7908-ABF3-4D18-BC35-0A29E39B95F9}.Release MT DLL|x64.ActiveCfg = Release|x64
		{006A7908-ABF3-4D18-BC35-0A29E39B95F9}.Release MT DLL|x64.Build.0 = Release|x64
		{006A7908-ABF3-4D18-BC35-0A29E39B95F9}.Release MT DLL|X86.ActiveCfg = Release|Win32
		{006A7908-ABF3-4D18-BC35-0A29E39B95F9}.Release MT DLL|X86.Build.0 = Release|Win32
		{006A7908-ABF3-4D18-BC35-0A29E39B95F9}.Release MT|x64.ActiveCfg = Release|x64
		{006A7908-ABF3-4D18-BC35-0A29E39B95F9}.Release MT|x64.Build.0 = Release|x64
		{006A7908-ABF3-4D18-BC35-0A29E39B95F9}.Release MT|X86.ActiveCfg = Release|Win32
		{006A7908-ABF3-4D18-BC35-0A29E39B95F9}.Release MT|X86.Build.0 = Release|Win32
		{006A7908-ABF3-4D18-BC35-0A29E39B95F9}.Release|x64.ActiveCfg = Release|x64
		{006A7908-ABF3-4D18-BC35-0A29E39B95F9}.Release|x64.Build.0 = Release|x64
		{006A7908-ABF3-4D18-BC35-0A29E39B95F9}.Release|X86.ActiveCfg = Release|Win32
		{006A7908-ABF3-4D18-BC35-0A29E39B95F9}.Release|X86.Build.0 = Release|Win32
		{4478909E-6983-425C-9D9F-558CF258E61E}.Debug Kernel|x64.ActiveCfg = Debug|x64
		{4478909E-6983-425C-9D9F-558CF258E61E}.Debug Kernel|x64.Build.0 = Debug|x64
		{4478909E-6983-425C-9D9F-558CF258E61E}.Debug Kernel|X86.ActiveCfg = Debug|Win32
		{4478909E-6983-425C-9D9F-558CF258E61E}.Debug Kernel|X86.Build.0 = Debug|Win32
		{4478909E-6983-425C-9D9F-558CF258E61E}.Debug MD DLL|x64.ActiveCfg = Debug|x64
		{4478909E-6983-425C-9D9F-558CF258E61E}.Debug MD DLL|x64.Build.0 = Debug|x64
		{4478909E-6983-425C-9D9F-558CF258E61E}.Debug MD DLL|X86.ActiveCfg = Debug|Win32
		{4478909E-6983-425C-9D9F-558CF258E61E}.Debug MD DLL|X86.Build.0 = Debug|Win32
		{4478909E-6983-425C-9D9F-558CF258E61E}.Debug MD|x64.ActiveCfg = Debug|x64
		{4478909E-6983-425C-9D9F-558CF258E61E}.Debug MD|x64.Build.0 = Debug|x64
		{4478909E-6983-425C-9D9F-558CF258E61E}.Debug MD|X86.ActiveCfg = Debug|Win32
		{4478909E-6983-425C-9D9F-558CF258E61E}.Debug MD|X86.Build.0 = Debug|Win32
		{4478909E-6983-425C-9D9F-558CF258E61E}.Debug MT DLL|x64.ActiveCfg = Debug|x64
		{4478909E-6983-425C-9D9F-558CF258E61E}.Debug MT DLL|x64.Build.0 = Debug|x64
		{4478909E-6983-425C-9D9F-558CF258E61E}.Debug MT DLL|X86.ActiveCfg = Debug|Win32
		{4478909E-6983-425C-9D9F-558CF258E61E}.Debug MT DLL|X86.Build.0 = Debug|Win32
		{4478909E-6983-425C-9D9F-558CF258E61E}.Debug MT|x64.ActiveCfg = Debug|x64
		{4478909E-6983-425C-9D9F-558CF258E61E}.Debug MT|x64.Build.0 = Debug|x64
		{4478909E-6983-425C-9D9F-558CF258E61E}.Debug MT|X86.ActiveCfg = Debug|Win32
		{4478909E-6983-425C-9D9F-558CF258E61E}.Debug MT|X86.Build.0 = Debug|Win32
		{4478909E-6983-425C-9D9F-558CF258E61E}.Debug|x64.ActiveCfg = Debug|x64
		{4478909E-6983-425C-9D9F-558CF258E61E}.Debug|x64.Build.0 = Debug|x64
		{4478909E-6983-425C-9D9F-558CF258E61E}.Debug|X86.ActiveCfg = Debug|Win32
		{4478909E-6983-425C-9D9F-558CF258E61E}.Debug|X86.Build.0 = Debug|Win32
		{4478909E-6983-425C-9D9F-558CF258E61E}.Release Kernel|x64.ActiveCfg = Release|x64
		{4478909E-6983-425C-9D9F-558CF258E61E}.Release Kernel|x64.Build.0 = Release|x64
		{4478909E-6983-425C-9D9F-558CF258E61E}.Release Kernel|X86.ActiveCfg = Release|Win32
		{4478909E-6983-425C-9D9F-558CF258E61E}.Release Kernel|X86.Build.0 = Release|Win32
		{4478909E-6983-425C-9D9F-558CF258E61E}.Release MD DLL|x64.ActiveCfg = Release|x64
		{4478909E-6983-425C-9D9F-558CF258E61E}.Release MD DLL|x64.Build.0 = Release|x64
		{4478909E-6983-425C-9D9F-558CF258E61E}.Release MD DLL|X86.ActiveCfg = Release|Win32
		{4478909E-6983-425C-9D9F-558CF258E61E}.Release MD DLL|X86.Build.0 = Release|Win32
		{4478909E-6983-425C-9D9F-558CF258E61E}.Release MD|x64.ActiveCfg = Release|x64
		{4478909E-6983-425C-9D9F-558CF258E61E}.Release MD|x64.Build.0 = Release|x64
		{4478909E-6983-425C-9D9F-558CF258E61E}.Release MD|X86.ActiveCfg = Release|Win32
		{4478909E-6983-425C-9D9F-558CF258E61E}.Release MD|X86.Build.0 = Release|Win32
		{4478909E-6983-425C-9D9F-558CF258E61E}.Release MT DLL|x64.ActiveCfg = Release|x64
		{4478909E-6983-425C-9D9F-558CF258E61E}.Release MT DLL|x64.Build.0 = Release|x64
		{4478909E-6983-425C-9D9F-558CF258E61E}.Release MT DLL|X86.ActiveCfg = Release|Win32
		{4478909E-6983-425C-9D9F-558CF258E61E}.Release MT DLL|X86.Build.0 = Release|Win32
		{4478909E-6983-425C-9D9F-558CF258E61E}.Release MT|x64.ActiveCfg = Release|x64
		{4478909E-6983-425C-9D9F-558CF258E61E}.Release MT|x64.Build.0 = Release|x64
		{4478909E-6983-425C-9D9F-558CF258E61E}.Release MT|X86.ActiveCfg = Release|Win32
		{4478909E-6983-425C-9D9F-558CF258E61E}.Release MT|X86.Build.0 = Release|Win32
		{4478909E-6983-425C-9D9F-558CF258E61E}.Release|x64.ActiveCfg = Release|x64
		{4478909E-6983-425C-9D9F-558CF258E61E}.Release|x64.Build.0 = Release|x64
		{4478909E-6983-425C-9D9F-558CF258E61E}.Release|X86.ActiveCfg = Release|Win32
		{4478909E-6983-425C-9D9F-558CF258E61E}.Release|X86.Build.0 = Release|Win32
		{698C2D54-475C-446F-B879-F629BBEF75FE}.Debug Kernel|x64.ActiveCfg = Debug|x64
		{698C2D54-475C-446F-B879-F629BBEF75FE}.Debug Kernel|x64.Build.0 = Debug|x64
		{698C2D54-475C-446F-B879-F629BBEF75FE}.Debug Kernel|X86.ActiveCfg = Debug|Win32
		{698C2D54-475C-446F-B879-F629BBEF75FE}.Debug Kernel|X86.Build.0 = Debug|Win32
		{698C2D54-475C-446F-B879-F629BBEF75FE}.Debug MD DLL|x64.ActiveCfg = Debug|x64
		{698C2D54-475C-446F-B879-F629BBEF75FE}.Debug MD DLL|x64.Build.0 = Debug|x64
		{698C2D54-475C-446F-B879-F629BBEF75FE}.Debug MD DLL|X86.ActiveCfg = Debug|Win32
		{698C2D54-475C-446F-B879-F629BBEF75FE}.Debug MD DLL|X86.Build.0 = Debug|Win32
		{698C2D54-475C-446F-B879-F629BBEF75FE}.Debug MD|x64.ActiveCfg = Debug|x64
		{698C2D54-475C-446F-B879-F629BBEF75FE}.Debug MD|x64.Build.0 = Debug|x64
		{698C2D54-475C-446F-B879-F629BBEF75FE}.Debug MD|X86.ActiveCfg = Debug|Win32
		{698C2D54-475C-446F-B879-F629BBEF75FE}.Debug MD|X86.Build.0 = Debug|Win32
		{698C2D54-475C-446F-B879-F629BBEF75FE}.Debug MT DLL|x64.ActiveCfg = Debug|x64
		{698C2D54-475C-446F-B879-F629BBEF75FE}.Debug MT DLL|x64.Build.0 = Debug|x64
		{698C2D54-475C-446F-B879-F629BBEF75FE}.Debug MT DLL|X86.ActiveCfg = Debug|Win32
		{698C2D54-475C-446F-B879-F629BBEF75FE}.Debug MT DLL|X86.Build.0 = Debug|Win32
		{698C2D54-475C-446F-B879-F629BBEF75FE}.Debug MT|x64.ActiveCfg = Debug|x64
		{698C2D54-475C-446F-B879-F629BBEF75FE}.Debug MT|x64.Build.0 = Debug|x64
		{698C2D54-475C-446F-B879-F629BBEF75FE}.Debug MT|X86.ActiveCfg = Debug|Win32
		{698C2D54-475C-446F-B879-F629BBEF75FE}.Debug MT|X86.Build.0 = Debug|Win32
		{698C2D54-475C-446F-B879-F629BBEF75FE}.Debug|x64.ActiveCfg = Debug|x64
		{698C2D54-475C-446F-B879-F629BBEF75FE}.Debug|x64.Build.0 = Debug|x64
		{698C2D54-475C-446F-B879-F629BBEF75FE}.Debug|X86.ActiveCfg = Debug|Win32
		{698C2D54-475C-446F-B879-F629BBEF75FE}.Debug|X86.Build.0 = Debug|Win32
		{698C2D54-475C-446F-B879-F629BBEF75FE}.Release Kernel|x64.ActiveCfg = Release|x64
		{698C2D54-475C-446F-B879-F629BBEF75FE}.Release Kernel|x64.Build.0 = Release|x64
		{698C2D54-475C-446F-B879-F629BBEF75FE}.Release Kernel|X86.ActiveCfg = Release|Win32
		{698C2D54-475C-446F-B879-F629BBEF75FE}.Release Kernel|X86.Build.0 = Release|Win32
		{698C2D54-475C-446F-B879-F629BBEF75FE}.Release MD DLL|x64.ActiveCfg = Release|x64
		{698C2D54-475C-446F-B879-F629BBEF75FE}.Release MD DLL|x64.Build.0 = Release|x64
		{698C2D54-475C-446F-B879-F629BBEF75FE}.Release MD DLL|X86.ActiveCfg = Release|Win32
		{698C2D54-475C-446F-B879-F629BBEF75FE}.Release MD DLL|X86.Build.0 = Release|Win32
		{698C2D54-475C-446F-B879-F629BBEF75FE}.Release MD|x64.ActiveCfg = Release|x64
		{698C2D54-475C-446F-B879-F629BBEF75FE}.Release MD|x64.Build.0 = Release|x64
		{698C2D54-475C-446F-B879-F629BBEF75FE}.Release MD|X86.ActiveCfg = Release|Win32
		{698C2D54-475C-446F-B879-F629BBEF75FE}.Release MD|X86.Build.0 = Release|Win32
		{698C2D54-475C-446F-B879-F629BBEF75FE}.Release MT DLL|x64.ActiveCfg = Release|x64
		{698C2D54-475C-446F-B879-F629BBEF75FE}.Release MT DLL|x64.Build.0 = Release|x64
		{698C2D54-475C-446F-B879-F629BBEF75FE}.Release MT DLL|X86.ActiveCfg = Release|Win32
		{698C2D54-475C-446F-B879-F629BBEF75FE}.Release MT DLL|X86.Build.0 = Release|Win32
		{698C2D54-475C-446F-B879-F629BBEF75FE}.Release MT|x64.ActiveCfg = Release|x64
		{698C2D54-475C-446F-B879-F629BBEF75FE}.Release MT|x64.Build.0 = Release|x64
		{698C2D54-475C-446F-B879-F629BBEF75FE}.Release MT|X86.ActiveCfg = Release|Win32
		{698C2D54-475C-446F-B879-F629BBEF75FE}.Release MT|X86.Build.0 = Release|Win32
		{698C2D54-475C-446F-B879-F629BBEF75FE}.Release|x64.ActiveCfg = Release|x64
		{698C2D54-475C-446F-B879-F629BBEF75FE}.Release|x64.Build.0 = Release|x64
		{698C2D54-475C-446F-B879-F629BBEF75FE}.Release|X86.ActiveCfg = Release|Win32
		{698C2D54-475C-446F-B879-F629BBEF75FE}.Release|X86.Build.0 = Release|Win32
		{8804AD29-E398-480C-AC0F-98EC1B7A51CB}.Debug Kernel|x64.ActiveCfg = Debug|x64
		{8804AD29-E398-480C-AC0F-98EC1B7A51CB}.Debug Kernel|x64.Build.0 = Debug|x64
		{8804AD29-E398-480C-AC0F-98EC1B7A51CB}.Debug Kernel|X86.ActiveCfg = Debug|Win32
		{8804AD29-E398-480C-AC0F-98EC1B7A51CB}.Debug Kernel|X86.Build.0 = Debug|Win32
		{8804AD29-E398-480C-AC0F-98EC1B7A51CB}.Debug MD DLL|x64.ActiveCfg = Debug|x64
		{8804AD29-E398-480C-AC0F-98EC1B7A51CB}.Debug MD DLL|x64.Build.0 = Debug|x64
		{8804AD29-E398-480C-AC0F-98EC1B7A51CB}.Debug MD DLL|X86.ActiveCfg = Debug|Win32
		{8804AD29-E398-480C-AC0F-98EC1B7A51CB}.Debug MD DLL|X86.Build.0 = Debug|Win32
		{8804AD29-E398-480C-AC0F-98EC1B7A51CB}.Debug MD|x64.ActiveCfg = Debug|x64
		{8804AD29-E398-480C-AC0F-98EC1B7A51CB}.Debug MD|x64.Build.0 = Debug|x64
		{8804AD29-E398-480C-AC0F-98EC1B7A51CB}.Debug MD|X86.ActiveCfg = Debug|Win32
		{8804AD29-E398-480C-AC0F-98EC1B7A51CB}.Debug MD|X86.Build.0 = Debug|Win32
		{8804AD29-E398-480C-AC0F-98EC1B7A51CB}.Debug MT DLL|x64.ActiveCfg = Debug|x64
		{8804AD29-E398-480C-AC0F-98EC1B7A51CB}.Debug MT DLL|x64.Build.0 = Debug|x64
		{8804AD29-E398-480C-AC0F-98EC1B7A51CB}.Debug MT DLL|X86.ActiveCfg = Debug|Win32
		{8804AD29-E398-480C-AC0F-98EC1B7A51CB}.Debug MT DLL|X86.Build.0 = Debug|Win32
		{8804AD29-E398-480C-AC0F-98EC1B7A51CB}.Debug MT|x64.ActiveCfg = Debug|x64
		{8804AD29-E398-480C-AC0F-98EC1B7A51CB}.Debug MT|x64.Build.0 = Debug|x64
		{8804AD29-E398-480C-AC0F-98EC1B7A51CB}.Debug MT|X86.ActiveCfg = Debug|Win32
		{8804AD29-E398-480C-AC0F-98EC1B7A51CB}.Debug MT|X86.Build.0 = Debug|Win32
		{8804AD29-E398-480C-AC0F-98EC1B7A51CB}.Debug|x64.ActiveCfg = Debug|x64
		{8804AD29-E398-480C-AC0F-98EC1B7A51CB}.Debug|x64.Build.0 = Debug|x64
		{8804AD29-E398-480C-AC0F-98EC1B7A51CB}.Debug|X86.ActiveCfg = Debug|Win32
		{8804AD29-E398-480C-AC0F-98EC1B7A51CB}.Debug|X86.Build.0 = Debug|Win32
		{8804AD29-E398-480C-AC0F-98EC1B7A51CB}.Release Kernel|x64.ActiveCfg = Release|x64
		{8804AD29-E398-480C-AC0F-98EC1B7A51CB}.Release Kernel|x64.Build.0 = Release|x64
		{8804AD29-E398-480C-AC0F-98EC1B7A51CB}.Release Kernel|X86.ActiveCfg = Release|Win32
		{8804AD29-E398-480C-AC0F-98EC1B7A51CB}.Release Kernel|X86.Build.0 = Release|Win32
		{8804AD29-E398-480C-AC0F-98EC1B7A51CB}.Release MD DLL|x64.ActiveCfg = Release|x64
		{8804AD29-E398-480C-AC0F-98EC1B7A51CB}.Release MD DLL|x64.Build.0 = Release|x64
		{8804AD29-E398-480C-AC0F-98EC1B7A51CB}.Release MD DLL|X86.ActiveCfg = Release|Win32
		{8804AD29-E398-480C-AC0F-98EC1B7A51CB}.Release MD DLL|X86.Build.0 = Release|Win32
		{8804AD29-E398-480C-AC0F-98EC1B7A51CB}.Release MD|x64.ActiveCfg = Release|x64
		{8804AD29-E398-480C-AC0F-98EC1B7A51CB}.Release MD|x64.Build.0 = Release|x64
		{8804AD29-E398-480C-AC0F-98EC1B7A51CB}.Release MD|X86.ActiveCfg = Release|Win32
		{8804AD29-E398-480C-AC0F-98EC1B7A51CB}.Release MD|X86.Build.0 = Release|Win32
		{8804AD29-E398-480C-AC0F-98EC1B7A51CB}.Release MT DLL|x64.ActiveCfg = Release|x64
		{8804AD29-E398-480C-AC0F-98EC1B7A51CB}.Release MT DLL|x64.Build.0 = Release|x64
		{8804AD29-E398-480C-AC0F-98EC1B7A51CB}.Release MT DLL|X86.ActiveCfg = Release|Win32
		{8804AD29-E398-480C-AC0F-98EC1B7A51CB}.Release MT DLL|X86.Build.0 = Release|Win32
		{8804AD29-E398-480C-AC0F-98EC1B7A51CB}.Release MT|x64.ActiveCfg = Release|x64
		{8804AD29-E398-480C-AC0F-98EC1B7A51CB}.Release MT|x64.Build.0 = Release|x64
		{8804AD29-E398-480C-AC0F-98EC1B7A51CB}.Release MT|X86.ActiveCfg = Release|Win32
		{8804AD29-E398-480C-AC0F-98EC1B7A51CB}.Release MT|X86.Build.0 = Release|Win32
		{8804AD29-E398-480C-AC0F-98EC1B7A51CB}.Release|x64.ActiveCfg = Release|x64
		{8804AD29-E398-480C-AC0F-98EC1B7A51CB}.Release|x64.Build.0 = Release|x64
		{8804AD29-E398-480C-AC0F-98EC1B7A51CB}.Release|X86.ActiveCfg = Release|Win32
		{8804AD29-E398-480C-AC0F-98EC1B7A51CB}.Release|X86.Build.0 = Release|Win32
		{17077E86-AE7C-41AF-86ED-2BAC03B019BC}.Debug Kernel|x64.ActiveCfg = Debug|x64
		{17077E86-AE7C-41AF-86ED-2BAC03B019BC}.Debug Kernel|x64.Build.0 = Debug|x64
		{17077E86-AE7C-41AF-86ED-2BAC03B019BC}.Debug Kernel|X86.ActiveCfg = Debug|Win32
		{17077E86-AE7C-41AF-86ED-2BAC03B019BC}.Debug Kernel|X86.Build.0 = Debug|Win32
		{17077E86-AE7C-41AF-86ED-2BAC03B019BC}.Debug MD DLL|x64.ActiveCfg = Debug|x64
		{17077E86-AE7C-41AF-86ED-2BAC03B019BC}.Debug MD DLL|x64.Build.0 = Debug|x64
		{17077E86-AE7C-41AF-86ED-2BAC03B019BC}.Debug MD DLL|X86.ActiveCfg = Debug|Win32
		{17077E86-AE7C-41AF-86ED-2BAC03B019BC}.Debug MD DLL|X86.Build.0 = Debug|Win32
		{17077E86-AE7C-41AF-86ED-2BAC03B019BC}.Debug MD|x64.ActiveCfg = Debug|x64
		{17077E86-AE7C-41AF-86ED-2BAC03B019BC}.Debug MD|x64.Build.0 = Debug|x64
		{17077E86-AE7C-41AF-86ED-2BAC03B019BC}.Debug MD|X86.ActiveCfg = Debug|Win32
		{17077E86-AE7C-41AF-86ED-2BAC03B019BC}.Debug MD|X86.Build.0 = Debug|Win32
		{17077E86-AE7C-41AF-86ED-2BAC03B019BC}.Debug MT DLL|x64.ActiveCfg = Debug|x64
		{17077E86-AE7C-41AF-86ED-2BAC03B019BC}.Debug MT DLL|x64.Build.0 = Debug|x64
		{17077E86-AE7C-41AF-86ED-2BAC03B019BC}.Debug MT DLL|X86.ActiveCfg = Debug|Win32
		{17077E86-AE7C-41AF-86ED-2BAC03B019BC}.Debug MT DLL|X86.Build.0 = Debug|Win32
		{17077E86-AE7C-41AF-86ED-2BAC03B019BC}.Debug MT|x64.ActiveCfg = Debug|x64
		{17077E86-AE7C-41AF-86ED-2BAC03B019BC}.Debug MT|x64.Build.0 = Debug|x64
		{17077E86-AE7C-41AF-86ED-2BAC03B019BC}.Debug MT|X86.ActiveCfg = Debug|Win32
		{17077E86-AE7C-41AF-86ED-2BAC03B019BC}.Debug MT|X86.Build.0 = Debug|Win32
		{17077E86-AE7C-41AF-86ED-2BAC03B019BC}.Debug|x64.ActiveCfg = Debug|x64
		{17077E86-AE7C-41AF-86ED-2BAC03B019BC}.Debug|x64.Build.0 = Debug|x64
		{17077E86-AE7C-41AF-86ED-2BAC03B019BC}.Debug|X86.ActiveCfg = Debug|Win32
		{17077E86-AE7C-41AF-86ED-2BAC03B019BC}.Debug|X86.Build.0 = Debug|Win32
		{17077E86-AE7C-41AF-86ED-2BAC03B019BC}.Release Kernel|x64.ActiveCfg = Release|x64
		{17077E86-AE7C-41AF-86ED-2BAC03B019BC}.Release Kernel|x64.Build.0 = Release|x64
		{17077E86-AE7C-41AF-86ED-2BAC03B019BC}.Release Kernel|X86.ActiveCfg = Release|Win32
		{17077E86-AE7C-41AF-86ED-2BAC03B019BC}.Release Kernel|X86.Build.0 = Release|Win32
		{17077E86-AE7C-41AF-86ED-2BAC03B019BC}.Release MD DLL|x64.ActiveCfg = Release|x64
		{17077E86-AE7C-41AF-86ED-2BAC03B019BC}.Release MD DLL|x64.Build.0 = Release|x64
		{17077E86-AE7C-41AF-86ED-2BAC03B019BC}.Release MD DLL|X86.ActiveCfg = Release|Win32
		{17077E86-AE7C-41AF-86ED-2BAC03B019BC}.Release MD DLL|X86.Build.0 = Release|Win32
		{17077E86-AE7C-41AF-86ED-2BAC03B019BC}.Release MD|x64.ActiveCfg = Release|x64
		{17077E86-AE7C-41AF-86ED-2BAC03B019BC}.Release MD|x64.Build.0 = Release|x64
		{17077E86-AE7C-41AF-86ED-2BAC03B019BC}.Release MD|X86.ActiveCfg = Release|Win32
		{17077E86-AE7C-41AF-86ED-2BAC03B019BC}.Release MD|X86.Build.0 = Release|Win32
		{17077E86-AE7C-41AF-86ED-2BAC03B019BC}.Release MT DLL|x64.ActiveCfg = Release|x64
		{17077E86-AE7C-41AF-86ED-2BAC03B019BC}.Release MT DLL|x64.Build.0 = Release|x64
		{17077E86-AE7C-41AF-86ED-2BAC03B019BC}.Release MT DLL|X86.ActiveCfg = Release|Win32
		{17077E86-AE7C-41AF-86ED-2BAC03B019BC}.Release MT DLL|X86.Build.0 = Release|Win32
		{17077E86-AE7C-41AF-86ED-2BAC03B019BC}.Release MT|x64.ActiveCfg = Release|x64
		{17077E86-AE7C-41AF-86ED-2BAC03B019BC}.Release MT|x64.Build.0 = Release|x64
		{17077E86-AE7C-41AF-86ED-2BAC03B019BC}.Release MT|X86.ActiveCfg = Release|Win32
		{17077E86-AE7C-41AF-86ED-2BAC03B019BC}.Release MT|X86.Build.0 = Release|Win32
		{17077E86-AE7C-41AF-86ED-2BAC03B019BC}.Release|x64.ActiveCfg = Release|x64
		{17077E86-AE7C-41AF-86ED-2BAC03B019BC}.Release|x64.Build.0 = Release|x64
		{17077E86-AE7C-41AF-86ED-2BAC03B019BC}.Release|X86.ActiveCfg = Release|Win32
		{17077E86-AE7C-41AF-86ED-2BAC03B019BC}.Release|X86.Build.0 = Release|Win32
		{B6EFD6D7-C2D4-4FBB-B363-2E08CE09CC96}.Debug Kernel|x64.ActiveCfg = Debug|x64
		{B6EFD6D7-C2D4-4FBB-B363-2E08CE09CC96}.Debug Kernel|x64.Build.0 = Debug|x64
		{B6EFD6D7-C2D4-4FBB-B363-2E08CE09CC96}.Debug Kernel|X86.ActiveCfg = Debug|Win32
		{B6EFD6D7-C2D4-4FBB-B363-2E08CE09CC96}.Debug Kernel|X86.Build.0 = Debug|Win32
		{B6EFD6D7-C2D4-4FBB-B363-2E08CE09CC96}.Debug MD DLL|x64.ActiveCfg = Debug|x64
		{B6EFD6D7-C2D4-4FBB-B363-2E08CE09CC96}.Debug MD DLL|x64.Build.0 = Debug|x64
		{B6EFD6D7-C2D4-4FBB-B363-2E08CE09CC96}.Debug MD DLL|X86.ActiveCfg = Debug|Win32
		{B6EFD6D7-C2D4-4FBB-B363-2E08CE09CC96}.Debug MD DLL|X86.Build.0 = Debug|Win32
		{B6EFD6D7-C2D4-4FBB-B363-2E08CE09CC96}.Debug MD|x64.ActiveCfg = Debug|x64
		{B6EFD6D7-C2D4-4FBB-B363-2E08CE09CC96}.Debug MD|x64.Build.0 = Debug|x64
		{B6EFD6D7-C2D4-4FBB-B363-2E08CE09CC96}.Debug MD|X86.ActiveCfg = Debug|Win32
		{B6EFD6D7-C2D4-4FBB-B363-2E08CE09CC96}.Debug MD|X86.Build.0 = Debug|Win32
		{B6EFD6D7-C2D4-4FBB-B363-2E08CE09CC96}.Debug MT DLL|x64.ActiveCfg = Debug|x64
		{B6EFD6D7-C2D4-4FBB-B363-2E08CE09CC96}.Debug MT DLL|x64.Build.0 = Debug|x64
		{B6EFD6D7-C2D4-4FBB-B363-2E08CE09CC96}.Debug MT DLL|X86.ActiveCfg = Debug|Win32
		{B6EFD6D7-C2D4-4FBB-B363-2E08CE09CC96}.Debug MT DLL|X86.Build.0 = Debug|Win32
		{B6EFD6D7-C2D4-4FBB-B363-2E08CE09CC96}.Debug MT|x64.ActiveCfg = Debug|x64
		{B6EFD6D7-C2D4-4FBB-B363-2E08CE09CC96}.Debug MT|x64.Build.0 = Debug|x64
		{B6EFD6D7-C2D4-4FBB-B363-2E08CE09CC96}.Debug MT|X86.ActiveCfg = Debug|Win32
		{B6EFD6D7-C2D4-4FBB-B363-2E08CE09CC96}.Debug MT|X86.Build.0 = Debug|Win32
		{B6EFD6D7-C2D4-4FBB-B363-2E08CE09CC96}.Debug|x64.ActiveCfg = Debug|x64
		{B6EFD6D7-C2D4-4FBB-B363-2E08CE09CC96}.Debug|x64.Build.0 = Debug|x64
		{B6EFD6D7-C2D4-4FBB-B363-2E08CE09CC96}.Debug|X86.ActiveCfg = Debug|Win32
		{B6EFD6D7-C2D4-4FBB-B363-2E08CE09CC96}.Debug|X86.Build.0 = Debug|Win32
		{B6EFD6D7-C2D4-4FBB-B363-2E08CE09CC96}.Release Kernel|x64.ActiveCfg = Release|x64
		{B6EFD6D7-C2D4-4FBB-B363-2E08CE09CC96}.Release Kernel|x64.Build.0 = Release|x64
		{B6EFD6D7-C2D4-4FBB-B363-2E08CE09CC96}.Release Kernel|X86.ActiveCfg = Release|Win32
		{B6EFD6D7-C2D4-4FBB-B363-2E08CE09CC96}.Release Kernel|X86.Build.0 = Release|Win32
		{B6EFD6D7-C2D4-4FBB-B363-2E08CE09CC96}.Release MD DLL|x64.ActiveCfg = Release|x64
		{B6EFD6D7-C2D4-4FBB-B363-2E08CE09CC96}.Release MD DLL|x64.Build.0 = Release|x64
		{B6EFD6D7-C2D4-4FBB-B363-2E08CE09CC96}.Release MD DLL|X86.ActiveCfg = Release|Win32
		{B6EFD6D7-C2D4-4FBB-B363-2E08CE09CC96}.Release MD DLL|X86.Build.0 = Release|Win32
		{B6EFD6D7-C2D4-4FBB-B363-2E08CE09CC96}.Release MD|x64.ActiveCfg = Release|x64
		{B6EFD6D7-C2D4-4FBB-B363-2E08CE09CC96}.Release MD|x64.Build.0 = Release|x64
		{B6EFD6D7-C2D4-4FBB-B363-2E08CE09CC96}.Release MD|X86.ActiveCfg = Release|Win32
		{B6EFD6D7-C2D4-4FBB-B363-2E08CE09CC96}.Release MD|X86.Build.0 = Release|Win32
		{B6EFD6D7-C2D4-4FBB-B363-2E08CE09CC96}.Release MT DLL|x64.ActiveCfg = Release|x64
		{B6EFD6D7-C2D4-4FBB-B363-2E08CE09CC96}.Release MT DLL|x64.Build.0 = Release|x64
		{B6EFD6D7-C2D4-4FBB-B363-2E08CE09CC96}.Release MT DLL|X86.ActiveCfg = Release|Win32
		{B6EFD6D7-C2D4-4FBB-B363-2E08CE09CC96}.Release MT DLL|X86.Build.0 = Release|Win32
		{B6EFD6D7-C2D4-4FBB-B363-2E08CE09CC96}.Release MT|x64.ActiveCfg = Release|x64
		{B6EFD6D7-C2D4-4FBB-B363-2E08CE09CC96}.Release MT|x64.Build.0 = Release|x64
		{B6EFD6D7-C2D4-4FBB-B363-2E08CE09CC96}.Release MT|X86.ActiveCfg = Release|Win32
		{B6EFD6D7-C2D4-4FBB-B363-2E08CE09CC96}.Release MT|X86.Build.0 = Release|Win32
		{B6EFD6D7-C2D4-4FBB-B363-2E08CE09CC96}.Release|x64.ActiveCfg = Release|x64
		{B6EFD6D7-C2D4-4FBB-B363-2E08CE09CC96}.Release|x64.Build.0 = Release|x64
		{B6EFD6D7-C2D4-4FBB-B363-2E08CE09CC96}.Release|X86.ActiveCfg = Release|Win32
		{B6EFD6D7-C2D4-4FBB-B363-2E08CE09CC96}.Release|X86.Build.0 = Release|Win32
	EndGlobalSection
	GlobalSection(SolutionProperties) = preSolution
		HideSolutionNode = FALSE
	EndGlobalSection
	GlobalSection(ExtensibilityGlobals) = postSolution
		SolutionGuid = {F578E55A-EB10-4D4A-9F4E-C74DCB58DE73}
	EndGlobalSection
EndGlobal
